// !$*UTF8*$!
{
	archiveVersion = 1;
	classes = {
	};
	objectVersion = 46;
	objects = {

/* Begin PBXBuildFile section */
		3D07945A1E4B1449000D7DC2 /* NSObject+LocalNotification.m in Sources */ = {isa = PBXBuildFile; fileRef = 3D0794591E4B1449000D7DC2 /* NSObject+LocalNotification.m */; };
		3D07945F1E4B5C16000D7DC2 /* alert_sound.m4a in Resources */ = {isa = PBXBuildFile; fileRef = 3D07945E1E4B5C16000D7DC2 /* alert_sound.m4a */; };
		3D4BF1EC1E53E205007B0F59 /* NSDate+Date.m in Sources */ = {isa = PBXBuildFile; fileRef = 3D4BF1DA1E53E205007B0F59 /* NSDate+Date.m */; };
		3D4BF1ED1E53E205007B0F59 /* CCDateTool.m in Sources */ = {isa = PBXBuildFile; fileRef = 3D4BF1DD1E53E205007B0F59 /* CCDateTool.m */; };
		3D4BF1EE1E53E205007B0F59 /* CCCalenderDateView.m in Sources */ = {isa = PBXBuildFile; fileRef = 3D4BF1E01E53E205007B0F59 /* CCCalenderDateView.m */; };
		3D4BF1EF1E53E205007B0F59 /* CCCalenderItemView.m in Sources */ = {isa = PBXBuildFile; fileRef = 3D4BF1E21E53E205007B0F59 /* CCCalenderItemView.m */; };
		3D4BF1F01E53E205007B0F59 /* CCCalenderItemView.xib in Resources */ = {isa = PBXBuildFile; fileRef = 3D4BF1E31E53E205007B0F59 /* CCCalenderItemView.xib */; };
		3D4BF1F11E53E205007B0F59 /* CCCalerderPickerView.m in Sources */ = {isa = PBXBuildFile; fileRef = 3D4BF1E51E53E205007B0F59 /* CCCalerderPickerView.m */; };
		3D4BF1F21E53E205007B0F59 /* CCCalerderPickerView.xib in Resources */ = {isa = PBXBuildFile; fileRef = 3D4BF1E61E53E205007B0F59 /* CCCalerderPickerView.xib */; };
		3D4BF1F31E53E205007B0F59 /* CCDotItem.m in Sources */ = {isa = PBXBuildFile; fileRef = 3D4BF1E91E53E205007B0F59 /* CCDotItem.m */; };
		3D4BF1F41E53E205007B0F59 /* up_arror.png in Resources */ = {isa = PBXBuildFile; fileRef = 3D4BF1EB1E53E205007B0F59 /* up_arror.png */; };
		3D6C9A071E3C917000C2BABE /* Assets.xcassets in Resources */ = {isa = PBXBuildFile; fileRef = 3D6C9A061E3C917000C2BABE /* Assets.xcassets */; };
		3D6C9A271E3C91DC00C2BABE /* Main.storyboard in Resources */ = {isa = PBXBuildFile; fileRef = 3D6C9A121E3C91DC00C2BABE /* Main.storyboard */; };
		3D6C9A2A1E3C91DC00C2BABE /* TimeLineViewController.m in Sources */ = {isa = PBXBuildFile; fileRef = 3D6C9A1F1E3C91DC00C2BABE /* TimeLineViewController.m */; };
		3D6C9A2B1E3C91DC00C2BABE /* TimeLineViewController.xib in Resources */ = {isa = PBXBuildFile; fileRef = 3D6C9A201E3C91DC00C2BABE /* TimeLineViewController.xib */; };
		3D6C9A881E4374BE00C2BABE /* CCTaskCardItem.m in Sources */ = {isa = PBXBuildFile; fileRef = 3D6C9A871E4374BE00C2BABE /* CCTaskCardItem.m */; };
		3D6C9A8A1E437A0B00C2BABE /* TaskCardItems.plist in Resources */ = {isa = PBXBuildFile; fileRef = 3D6C9A891E437A0B00C2BABE /* TaskCardItems.plist */; };
		3D6C9B2A1E45FF9900C2BABE /* GetCurrentTime.m in Sources */ = {isa = PBXBuildFile; fileRef = 3D6C9B0C1E45FF9900C2BABE /* GetCurrentTime.m */; };
		3D6C9B2B1E45FF9900C2BABE /* Info.plist in Resources */ = {isa = PBXBuildFile; fileRef = 3D6C9B0E1E45FF9900C2BABE /* Info.plist */; };
		3D6C9B2C1E45FF9900C2BABE /* MASCompositeConstraint.m in Sources */ = {isa = PBXBuildFile; fileRef = 3D6C9B101E45FF9900C2BABE /* MASCompositeConstraint.m */; };
		3D6C9B2D1E45FF9900C2BABE /* MASConstraint.m in Sources */ = {isa = PBXBuildFile; fileRef = 3D6C9B131E45FF9900C2BABE /* MASConstraint.m */; };
		3D6C9B2E1E45FF9900C2BABE /* MASConstraintMaker.m in Sources */ = {isa = PBXBuildFile; fileRef = 3D6C9B151E45FF9900C2BABE /* MASConstraintMaker.m */; };
		3D6C9B2F1E45FF9900C2BABE /* MASLayoutConstraint.m in Sources */ = {isa = PBXBuildFile; fileRef = 3D6C9B171E45FF9900C2BABE /* MASLayoutConstraint.m */; };
		3D6C9B301E45FF9900C2BABE /* MASViewAttribute.m in Sources */ = {isa = PBXBuildFile; fileRef = 3D6C9B1B1E45FF9900C2BABE /* MASViewAttribute.m */; };
		3D6C9B311E45FF9900C2BABE /* MASViewConstraint.m in Sources */ = {isa = PBXBuildFile; fileRef = 3D6C9B1D1E45FF9900C2BABE /* MASViewConstraint.m */; };
		3D6C9B321E45FF9900C2BABE /* NSArray+MASAdditions.m in Sources */ = {isa = PBXBuildFile; fileRef = 3D6C9B1F1E45FF9900C2BABE /* NSArray+MASAdditions.m */; };
		3D6C9B331E45FF9900C2BABE /* NSLayoutConstraint+MASDebugAdditions.m in Sources */ = {isa = PBXBuildFile; fileRef = 3D6C9B221E45FF9900C2BABE /* NSLayoutConstraint+MASDebugAdditions.m */; };
		3D6C9B341E45FF9900C2BABE /* View+MASAdditions.m in Sources */ = {isa = PBXBuildFile; fileRef = 3D6C9B241E45FF9900C2BABE /* View+MASAdditions.m */; };
		3D6C9B351E45FF9900C2BABE /* ViewController+MASAdditions.m in Sources */ = {isa = PBXBuildFile; fileRef = 3D6C9B271E45FF9900C2BABE /* ViewController+MASAdditions.m */; };
		3D6C9B361E45FF9900C2BABE /* UIView+FindViewThatIsFirstResponder.m in Sources */ = {isa = PBXBuildFile; fileRef = 3D6C9B291E45FF9900C2BABE /* UIView+FindViewThatIsFirstResponder.m */; };
		3D6C9B3B1E45FFB300C2BABE /* AppDelegate.m in Sources */ = {isa = PBXBuildFile; fileRef = 3D6C9B391E45FFB300C2BABE /* AppDelegate.m */; };
		3D6C9B3C1E45FFB300C2BABE /* main.m in Sources */ = {isa = PBXBuildFile; fileRef = 3D6C9B3A1E45FFB300C2BABE /* main.m */; };
		3D6C9B541E46000A00C2BABE /* Info.plist in Resources */ = {isa = PBXBuildFile; fileRef = 3D6C9B3E1E46000A00C2BABE /* Info.plist */; };
		3D6C9B551E46000A00C2BABE /* MJExtensionConst.m in Sources */ = {isa = PBXBuildFile; fileRef = 3D6C9B411E46000A00C2BABE /* MJExtensionConst.m */; };
		3D6C9B561E46000A00C2BABE /* MJFoundation.m in Sources */ = {isa = PBXBuildFile; fileRef = 3D6C9B431E46000A00C2BABE /* MJFoundation.m */; };
		3D6C9B571E46000A00C2BABE /* MJProperty.m in Sources */ = {isa = PBXBuildFile; fileRef = 3D6C9B451E46000A00C2BABE /* MJProperty.m */; };
		3D6C9B581E46000A00C2BABE /* MJPropertyKey.m in Sources */ = {isa = PBXBuildFile; fileRef = 3D6C9B471E46000A00C2BABE /* MJPropertyKey.m */; };
		3D6C9B591E46000A00C2BABE /* MJPropertyType.m in Sources */ = {isa = PBXBuildFile; fileRef = 3D6C9B491E46000A00C2BABE /* MJPropertyType.m */; };
		3D6C9B5A1E46000A00C2BABE /* NSObject+MJClass.m in Sources */ = {isa = PBXBuildFile; fileRef = 3D6C9B4B1E46000A00C2BABE /* NSObject+MJClass.m */; };
		3D6C9B5B1E46000A00C2BABE /* NSObject+MJCoding.m in Sources */ = {isa = PBXBuildFile; fileRef = 3D6C9B4D1E46000A00C2BABE /* NSObject+MJCoding.m */; };
		3D6C9B5C1E46000A00C2BABE /* NSObject+MJKeyValue.m in Sources */ = {isa = PBXBuildFile; fileRef = 3D6C9B4F1E46000A00C2BABE /* NSObject+MJKeyValue.m */; };
		3D6C9B5D1E46000A00C2BABE /* NSObject+MJProperty.m in Sources */ = {isa = PBXBuildFile; fileRef = 3D6C9B511E46000A00C2BABE /* NSObject+MJProperty.m */; };
		3D6C9B5E1E46000A00C2BABE /* NSString+MJExtension.m in Sources */ = {isa = PBXBuildFile; fileRef = 3D6C9B531E46000A00C2BABE /* NSString+MJExtension.m */; };
		3DF7FC181E54334800AA0D13 /* CCMeViewController.m in Sources */ = {isa = PBXBuildFile; fileRef = 3DF7FC171E54334800AA0D13 /* CCMeViewController.m */; };
		3DF7FC221E544E9C00AA0D13 /* CCProfileViewContoller.m in Sources */ = {isa = PBXBuildFile; fileRef = 3DF7FC211E544E9C00AA0D13 /* CCProfileViewContoller.m */; };
		3DF7FC2B1E54521200AA0D13 /* CCProfileViewContoller.storyboard in Resources */ = {isa = PBXBuildFile; fileRef = 3DF7FC2A1E54521200AA0D13 /* CCProfileViewContoller.storyboard */; };
		3DF7FC2E1E54576E00AA0D13 /* CCEditingViewController.m in Sources */ = {isa = PBXBuildFile; fileRef = 3DF7FC2D1E54576E00AA0D13 /* CCEditingViewController.m */; };
		3DF7FC301E54578500AA0D13 /* CCEditingViewController.storyboard in Resources */ = {isa = PBXBuildFile; fileRef = 3DF7FC2F1E54578500AA0D13 /* CCEditingViewController.storyboard */; };
		3DF7FC331E54607C00AA0D13 /* CCNavigationController.m in Sources */ = {isa = PBXBuildFile; fileRef = 3DF7FC321E54607C00AA0D13 /* CCNavigationController.m */; };
		3DF7FC361E548AED00AA0D13 /* CCImageView.m in Sources */ = {isa = PBXBuildFile; fileRef = 3DF7FC351E548AED00AA0D13 /* CCImageView.m */; };
		3DF7FC391E54C19D00AA0D13 /* LaunchScreen.storyboard in Resources */ = {isa = PBXBuildFile; fileRef = 3DF7FC371E54C19D00AA0D13 /* LaunchScreen.storyboard */; };
		3DF7FC5F1E57FCB700AA0D13 /* UIView+Frame.m in Sources */ = {isa = PBXBuildFile; fileRef = 3DF7FC5E1E57FCB700AA0D13 /* UIView+Frame.m */; };
		3DF7FC661E58139C00AA0D13 /* CCNotesViewController.m in Sources */ = {isa = PBXBuildFile; fileRef = 3DF7FC631E58139C00AA0D13 /* CCNotesViewController.m */; };
		3DF7FC691E5813C500AA0D13 /* CCNotesTitleView.m in Sources */ = {isa = PBXBuildFile; fileRef = 3DF7FC681E5813C500AA0D13 /* CCNotesTitleView.m */; };
		3DF7FC721E59EC1200AA0D13 /* CCNotesFullScreenButton.m in Sources */ = {isa = PBXBuildFile; fileRef = 3DF7FC711E59EC1200AA0D13 /* CCNotesFullScreenButton.m */; };
		3DF7FC791E5A8DF300AA0D13 /* CCCommonCoverView.m in Sources */ = {isa = PBXBuildFile; fileRef = 3DF7FC781E5A8DF300AA0D13 /* CCCommonCoverView.m */; };
		3DF7FC7C1E5A975C00AA0D13 /* CCAddNotesView.m in Sources */ = {isa = PBXBuildFile; fileRef = 3DF7FC7B1E5A975C00AA0D13 /* CCAddNotesView.m */; };
		3DF7FC7E1E5A976F00AA0D13 /* CCAddNotesView.xib in Resources */ = {isa = PBXBuildFile; fileRef = 3DF7FC7D1E5A976F00AA0D13 /* CCAddNotesView.xib */; };
		3DF7FC811E5AC6EF00AA0D13 /* CCNotesItem.m in Sources */ = {isa = PBXBuildFile; fileRef = 3DF7FC801E5AC6EF00AA0D13 /* CCNotesItem.m */; };
		3DF7FCD71E5DE26600AA0D13 /* CCDateButton.m in Sources */ = {isa = PBXBuildFile; fileRef = 3DF7FCC91E5DE26600AA0D13 /* CCDateButton.m */; };
		3DF7FCD81E5DE26600AA0D13 /* CCTaskCardTabldViewCell.m in Sources */ = {isa = PBXBuildFile; fileRef = 3DF7FCCB1E5DE26600AA0D13 /* CCTaskCardTabldViewCell.m */; };
		3DF7FCDB1E5DE2D100AA0D13 /* CCContentTableView.m in Sources */ = {isa = PBXBuildFile; fileRef = 3DF7FCD91E5DE2D100AA0D13 /* CCContentTableView.m */; };
		3DF7FCE51E5DE50700AA0D13 /* CCDatePicker.m in Sources */ = {isa = PBXBuildFile; fileRef = 3DF7FCE41E5DE50700AA0D13 /* CCDatePicker.m */; };
		3DF7FCEB1E5DE5AA00AA0D13 /* CCCardDetailCoverView.m in Sources */ = {isa = PBXBuildFile; fileRef = 3DF7FCEA1E5DE5AA00AA0D13 /* CCCardDetailCoverView.m */; };
		3DF7FCEF1E5DE60D00AA0D13 /* CCCardDetailView.m in Sources */ = {isa = PBXBuildFile; fileRef = 3DF7FCED1E5DE60D00AA0D13 /* CCCardDetailView.m */; };
		3DF7FCF01E5DE60D00AA0D13 /* CCCardDetailView.xib in Resources */ = {isa = PBXBuildFile; fileRef = 3DF7FCEE1E5DE60D00AA0D13 /* CCCardDetailView.xib */; };
		3DF7FCFB1E5DE9C500AA0D13 /* CCRemarkViewController.m in Sources */ = {isa = PBXBuildFile; fileRef = 3DF7FCFA1E5DE9C500AA0D13 /* CCRemarkViewController.m */; };
		3DF7FCFE1E5E7D0000AA0D13 /* CCRemarkNavigationController.m in Sources */ = {isa = PBXBuildFile; fileRef = 3DF7FCFD1E5E7D0000AA0D13 /* CCRemarkNavigationController.m */; };
		3DF7FD011E5EB02400AA0D13 /* UIBarButtonItem+BarButtonItem.m in Sources */ = {isa = PBXBuildFile; fileRef = 3DF7FD001E5EB02400AA0D13 /* UIBarButtonItem+BarButtonItem.m */; };
		3DF7FD051E5ECD2F00AA0D13 /* CCRemarkTableViewCell.m in Sources */ = {isa = PBXBuildFile; fileRef = 3DF7FD031E5ECD2F00AA0D13 /* CCRemarkTableViewCell.m */; };
		3DF7FD061E5ECD2F00AA0D13 /* CCRemarkTableViewCell.xib in Resources */ = {isa = PBXBuildFile; fileRef = 3DF7FD041E5ECD2F00AA0D13 /* CCRemarkTableViewCell.xib */; };
		3DF7FD091E5EDF8300AA0D13 /* CCRemarkItem.m in Sources */ = {isa = PBXBuildFile; fileRef = 3DF7FD081E5EDF8300AA0D13 /* CCRemarkItem.m */; };
		3DF7FD0C1E5F1A0300AA0D13 /* CCAddRemarkViewController.m in Sources */ = {isa = PBXBuildFile; fileRef = 3DF7FD0B1E5F1A0300AA0D13 /* CCAddRemarkViewController.m */; };
		3DF7FD0E1E5F1F9E00AA0D13 /* CCAddRemarkViewController.xib in Resources */ = {isa = PBXBuildFile; fileRef = 3DF7FD0D1E5F1F9E00AA0D13 /* CCAddRemarkViewController.xib */; };
		3DF7FD111E5F395500AA0D13 /* CCTagButton.m in Sources */ = {isa = PBXBuildFile; fileRef = 3DF7FD101E5F395500AA0D13 /* CCTagButton.m */; };
		3DF7FD141E5FF41600AA0D13 /* CCRemarkTitleCloseButton.m in Sources */ = {isa = PBXBuildFile; fileRef = 3DF7FD131E5FF41600AA0D13 /* CCRemarkTitleCloseButton.m */; };
		3DF7FD1A1E601D5600AA0D13 /* CCRemarkContainerView.m in Sources */ = {isa = PBXBuildFile; fileRef = 3DF7FD191E601D5600AA0D13 /* CCRemarkContainerView.m */; };
		3DF7FD1E1E6078CF00AA0D13 /* CCCoverView.m in Sources */ = {isa = PBXBuildFile; fileRef = 3DF7FD1D1E6078CF00AA0D13 /* CCCoverView.m */; };
		3DF7FD211E607F3200AA0D13 /* CCNewCardTagContainerView.m in Sources */ = {isa = PBXBuildFile; fileRef = 3DF7FD201E607F3200AA0D13 /* CCNewCardTagContainerView.m */; };
		3DF7FD241E6081A000AA0D13 /* CCNewCardTagButton.m in Sources */ = {isa = PBXBuildFile; fileRef = 3DF7FD231E6081A000AA0D13 /* CCNewCardTagButton.m */; };
		3DF7FD271E63CA7200AA0D13 /* CCCardContentView.m in Sources */ = {isa = PBXBuildFile; fileRef = 3DF7FD261E63CA7100AA0D13 /* CCCardContentView.m */; };
		3DF7FD2A1E64190E00AA0D13 /* CCCardDetailDoneButton.m in Sources */ = {isa = PBXBuildFile; fileRef = 3DF7FD291E64190E00AA0D13 /* CCCardDetailDoneButton.m */; };
		3DF7FD2D1E641B9D00AA0D13 /* CCCardRecoverView.m in Sources */ = {isa = PBXBuildFile; fileRef = 3DF7FD2C1E641B9D00AA0D13 /* CCCardRecoverView.m */; };
		3DF7FD2F1E641BAE00AA0D13 /* CCCardRecoverView.xib in Resources */ = {isa = PBXBuildFile; fileRef = 3DF7FD2E1E641BAE00AA0D13 /* CCCardRecoverView.xib */; };
/* End PBXBuildFile section */

/* Begin PBXFileReference section */
		3D0793DB1E487011000D7DC2 /* Reveal.framework */ = {isa = PBXFileReference; lastKnownFileType = wrapper.framework; path = Reveal.framework; sourceTree = "<group>"; };
		3D0793DE1E487069000D7DC2 /* libz.tbd */ = {isa = PBXFileReference; lastKnownFileType = "sourcecode.text-based-dylib-definition"; name = libz.tbd; path = usr/lib/libz.tbd; sourceTree = SDKROOT; };
		3D0794581E4B1449000D7DC2 /* NSObject+LocalNotification.h */ = {isa = PBXFileReference; fileEncoding = 4; lastKnownFileType = sourcecode.c.h; name = "NSObject+LocalNotification.h"; path = "Masonry/NSObject+LocalNotification.h"; sourceTree = "<group>"; };
		3D0794591E4B1449000D7DC2 /* NSObject+LocalNotification.m */ = {isa = PBXFileReference; fileEncoding = 4; lastKnownFileType = sourcecode.c.objc; name = "NSObject+LocalNotification.m"; path = "Masonry/NSObject+LocalNotification.m"; sourceTree = "<group>"; };
		3D07945E1E4B5C16000D7DC2 /* alert_sound.m4a */ = {isa = PBXFileReference; lastKnownFileType = file; path = alert_sound.m4a; sourceTree = "<group>"; };
		3D4BF1D91E53E205007B0F59 /* NSDate+Date.h */ = {isa = PBXFileReference; fileEncoding = 4; lastKnownFileType = sourcecode.c.h; path = "NSDate+Date.h"; sourceTree = "<group>"; };
		3D4BF1DA1E53E205007B0F59 /* NSDate+Date.m */ = {isa = PBXFileReference; fileEncoding = 4; lastKnownFileType = sourcecode.c.objc; path = "NSDate+Date.m"; sourceTree = "<group>"; };
		3D4BF1DC1E53E205007B0F59 /* CCDateTool.h */ = {isa = PBXFileReference; fileEncoding = 4; lastKnownFileType = sourcecode.c.h; path = CCDateTool.h; sourceTree = "<group>"; };
		3D4BF1DD1E53E205007B0F59 /* CCDateTool.m */ = {isa = PBXFileReference; fileEncoding = 4; lastKnownFileType = sourcecode.c.objc; path = CCDateTool.m; sourceTree = "<group>"; };
		3D4BF1DF1E53E205007B0F59 /* CCCalenderDateView.h */ = {isa = PBXFileReference; fileEncoding = 4; lastKnownFileType = sourcecode.c.h; path = CCCalenderDateView.h; sourceTree = "<group>"; };
		3D4BF1E01E53E205007B0F59 /* CCCalenderDateView.m */ = {isa = PBXFileReference; fileEncoding = 4; lastKnownFileType = sourcecode.c.objc; path = CCCalenderDateView.m; sourceTree = "<group>"; };
		3D4BF1E11E53E205007B0F59 /* CCCalenderItemView.h */ = {isa = PBXFileReference; fileEncoding = 4; lastKnownFileType = sourcecode.c.h; path = CCCalenderItemView.h; sourceTree = "<group>"; };
		3D4BF1E21E53E205007B0F59 /* CCCalenderItemView.m */ = {isa = PBXFileReference; fileEncoding = 4; lastKnownFileType = sourcecode.c.objc; path = CCCalenderItemView.m; sourceTree = "<group>"; };
		3D4BF1E31E53E205007B0F59 /* CCCalenderItemView.xib */ = {isa = PBXFileReference; fileEncoding = 4; lastKnownFileType = file.xib; path = CCCalenderItemView.xib; sourceTree = "<group>"; };
		3D4BF1E41E53E205007B0F59 /* CCCalerderPickerView.h */ = {isa = PBXFileReference; fileEncoding = 4; lastKnownFileType = sourcecode.c.h; path = CCCalerderPickerView.h; sourceTree = "<group>"; };
		3D4BF1E51E53E205007B0F59 /* CCCalerderPickerView.m */ = {isa = PBXFileReference; fileEncoding = 4; lastKnownFileType = sourcecode.c.objc; path = CCCalerderPickerView.m; sourceTree = "<group>"; };
		3D4BF1E61E53E205007B0F59 /* CCCalerderPickerView.xib */ = {isa = PBXFileReference; fileEncoding = 4; lastKnownFileType = file.xib; path = CCCalerderPickerView.xib; sourceTree = "<group>"; };
		3D4BF1E81E53E205007B0F59 /* CCDotItem.h */ = {isa = PBXFileReference; fileEncoding = 4; lastKnownFileType = sourcecode.c.h; path = CCDotItem.h; sourceTree = "<group>"; };
		3D4BF1E91E53E205007B0F59 /* CCDotItem.m */ = {isa = PBXFileReference; fileEncoding = 4; lastKnownFileType = sourcecode.c.objc; path = CCDotItem.m; sourceTree = "<group>"; };
		3D4BF1EB1E53E205007B0F59 /* up_arror.png */ = {isa = PBXFileReference; lastKnownFileType = image.png; path = up_arror.png; sourceTree = "<group>"; };
		3D6C99F71E3C917000C2BABE /* TimelineApp.app */ = {isa = PBXFileReference; explicitFileType = wrapper.application; includeInIndex = 0; path = TimelineApp.app; sourceTree = BUILT_PRODUCTS_DIR; };
		3D6C9A061E3C917000C2BABE /* Assets.xcassets */ = {isa = PBXFileReference; lastKnownFileType = folder.assetcatalog; path = Assets.xcassets; sourceTree = "<group>"; };
		3D6C9A0B1E3C917000C2BABE /* Info.plist */ = {isa = PBXFileReference; lastKnownFileType = text.plist.xml; path = Info.plist; sourceTree = "<group>"; };
		3D6C9A131E3C91DC00C2BABE /* Base */ = {isa = PBXFileReference; lastKnownFileType = file.storyboard; name = Base; path = Main.storyboard; sourceTree = "<group>"; };
		3D6C9A1E1E3C91DC00C2BABE /* TimeLineViewController.h */ = {isa = PBXFileReference; fileEncoding = 4; lastKnownFileType = sourcecode.c.h; path = TimeLineViewController.h; sourceTree = "<group>"; };
		3D6C9A1F1E3C91DC00C2BABE /* TimeLineViewController.m */ = {isa = PBXFileReference; fileEncoding = 4; lastKnownFileType = sourcecode.c.objc; path = TimeLineViewController.m; sourceTree = "<group>"; };
		3D6C9A201E3C91DC00C2BABE /* TimeLineViewController.xib */ = {isa = PBXFileReference; fileEncoding = 4; lastKnownFileType = file.xib; path = TimeLineViewController.xib; sourceTree = "<group>"; };
		3D6C9A861E4374BE00C2BABE /* CCTaskCardItem.h */ = {isa = PBXFileReference; fileEncoding = 4; lastKnownFileType = sourcecode.c.h; path = CCTaskCardItem.h; sourceTree = "<group>"; };
		3D6C9A871E4374BE00C2BABE /* CCTaskCardItem.m */ = {isa = PBXFileReference; fileEncoding = 4; lastKnownFileType = sourcecode.c.objc; path = CCTaskCardItem.m; sourceTree = "<group>"; };
		3D6C9A891E437A0B00C2BABE /* TaskCardItems.plist */ = {isa = PBXFileReference; fileEncoding = 4; lastKnownFileType = text.plist.xml; path = TaskCardItems.plist; sourceTree = "<group>"; };
		3D6C9A9A1E45B2BE00C2BABE /* CCGlobalMacro.pch */ = {isa = PBXFileReference; lastKnownFileType = sourcecode.c.h; path = CCGlobalMacro.pch; sourceTree = "<group>"; };
		3D6C9B0B1E45FF9900C2BABE /* GetCurrentTime.h */ = {isa = PBXFileReference; fileEncoding = 4; lastKnownFileType = sourcecode.c.h; path = GetCurrentTime.h; sourceTree = "<group>"; };
		3D6C9B0C1E45FF9900C2BABE /* GetCurrentTime.m */ = {isa = PBXFileReference; fileEncoding = 4; lastKnownFileType = sourcecode.c.objc; path = GetCurrentTime.m; sourceTree = "<group>"; };
		3D6C9B0E1E45FF9900C2BABE /* Info.plist */ = {isa = PBXFileReference; fileEncoding = 4; lastKnownFileType = text.plist.xml; path = Info.plist; sourceTree = "<group>"; };
		3D6C9B0F1E45FF9900C2BABE /* MASCompositeConstraint.h */ = {isa = PBXFileReference; fileEncoding = 4; lastKnownFileType = sourcecode.c.h; path = MASCompositeConstraint.h; sourceTree = "<group>"; };
		3D6C9B101E45FF9900C2BABE /* MASCompositeConstraint.m */ = {isa = PBXFileReference; fileEncoding = 4; lastKnownFileType = sourcecode.c.objc; path = MASCompositeConstraint.m; sourceTree = "<group>"; };
		3D6C9B111E45FF9900C2BABE /* MASConstraint+Private.h */ = {isa = PBXFileReference; fileEncoding = 4; lastKnownFileType = sourcecode.c.h; path = "MASConstraint+Private.h"; sourceTree = "<group>"; };
		3D6C9B121E45FF9900C2BABE /* MASConstraint.h */ = {isa = PBXFileReference; fileEncoding = 4; lastKnownFileType = sourcecode.c.h; path = MASConstraint.h; sourceTree = "<group>"; };
		3D6C9B131E45FF9900C2BABE /* MASConstraint.m */ = {isa = PBXFileReference; fileEncoding = 4; lastKnownFileType = sourcecode.c.objc; path = MASConstraint.m; sourceTree = "<group>"; };
		3D6C9B141E45FF9900C2BABE /* MASConstraintMaker.h */ = {isa = PBXFileReference; fileEncoding = 4; lastKnownFileType = sourcecode.c.h; path = MASConstraintMaker.h; sourceTree = "<group>"; };
		3D6C9B151E45FF9900C2BABE /* MASConstraintMaker.m */ = {isa = PBXFileReference; fileEncoding = 4; lastKnownFileType = sourcecode.c.objc; path = MASConstraintMaker.m; sourceTree = "<group>"; };
		3D6C9B161E45FF9900C2BABE /* MASLayoutConstraint.h */ = {isa = PBXFileReference; fileEncoding = 4; lastKnownFileType = sourcecode.c.h; path = MASLayoutConstraint.h; sourceTree = "<group>"; };
		3D6C9B171E45FF9900C2BABE /* MASLayoutConstraint.m */ = {isa = PBXFileReference; fileEncoding = 4; lastKnownFileType = sourcecode.c.objc; path = MASLayoutConstraint.m; sourceTree = "<group>"; };
		3D6C9B181E45FF9900C2BABE /* Masonry.h */ = {isa = PBXFileReference; fileEncoding = 4; lastKnownFileType = sourcecode.c.h; path = Masonry.h; sourceTree = "<group>"; };
		3D6C9B191E45FF9900C2BABE /* MASUtilities.h */ = {isa = PBXFileReference; fileEncoding = 4; lastKnownFileType = sourcecode.c.h; path = MASUtilities.h; sourceTree = "<group>"; };
		3D6C9B1A1E45FF9900C2BABE /* MASViewAttribute.h */ = {isa = PBXFileReference; fileEncoding = 4; lastKnownFileType = sourcecode.c.h; path = MASViewAttribute.h; sourceTree = "<group>"; };
		3D6C9B1B1E45FF9900C2BABE /* MASViewAttribute.m */ = {isa = PBXFileReference; fileEncoding = 4; lastKnownFileType = sourcecode.c.objc; path = MASViewAttribute.m; sourceTree = "<group>"; };
		3D6C9B1C1E45FF9900C2BABE /* MASViewConstraint.h */ = {isa = PBXFileReference; fileEncoding = 4; lastKnownFileType = sourcecode.c.h; path = MASViewConstraint.h; sourceTree = "<group>"; };
		3D6C9B1D1E45FF9900C2BABE /* MASViewConstraint.m */ = {isa = PBXFileReference; fileEncoding = 4; lastKnownFileType = sourcecode.c.objc; path = MASViewConstraint.m; sourceTree = "<group>"; };
		3D6C9B1E1E45FF9900C2BABE /* NSArray+MASAdditions.h */ = {isa = PBXFileReference; fileEncoding = 4; lastKnownFileType = sourcecode.c.h; path = "NSArray+MASAdditions.h"; sourceTree = "<group>"; };
		3D6C9B1F1E45FF9900C2BABE /* NSArray+MASAdditions.m */ = {isa = PBXFileReference; fileEncoding = 4; lastKnownFileType = sourcecode.c.objc; path = "NSArray+MASAdditions.m"; sourceTree = "<group>"; };
		3D6C9B201E45FF9900C2BABE /* NSArray+MASShorthandAdditions.h */ = {isa = PBXFileReference; fileEncoding = 4; lastKnownFileType = sourcecode.c.h; path = "NSArray+MASShorthandAdditions.h"; sourceTree = "<group>"; };
		3D6C9B211E45FF9900C2BABE /* NSLayoutConstraint+MASDebugAdditions.h */ = {isa = PBXFileReference; fileEncoding = 4; lastKnownFileType = sourcecode.c.h; path = "NSLayoutConstraint+MASDebugAdditions.h"; sourceTree = "<group>"; };
		3D6C9B221E45FF9900C2BABE /* NSLayoutConstraint+MASDebugAdditions.m */ = {isa = PBXFileReference; fileEncoding = 4; lastKnownFileType = sourcecode.c.objc; path = "NSLayoutConstraint+MASDebugAdditions.m"; sourceTree = "<group>"; };
		3D6C9B231E45FF9900C2BABE /* View+MASAdditions.h */ = {isa = PBXFileReference; fileEncoding = 4; lastKnownFileType = sourcecode.c.h; path = "View+MASAdditions.h"; sourceTree = "<group>"; };
		3D6C9B241E45FF9900C2BABE /* View+MASAdditions.m */ = {isa = PBXFileReference; fileEncoding = 4; lastKnownFileType = sourcecode.c.objc; path = "View+MASAdditions.m"; sourceTree = "<group>"; };
		3D6C9B251E45FF9900C2BABE /* View+MASShorthandAdditions.h */ = {isa = PBXFileReference; fileEncoding = 4; lastKnownFileType = sourcecode.c.h; path = "View+MASShorthandAdditions.h"; sourceTree = "<group>"; };
		3D6C9B261E45FF9900C2BABE /* ViewController+MASAdditions.h */ = {isa = PBXFileReference; fileEncoding = 4; lastKnownFileType = sourcecode.c.h; path = "ViewController+MASAdditions.h"; sourceTree = "<group>"; };
		3D6C9B271E45FF9900C2BABE /* ViewController+MASAdditions.m */ = {isa = PBXFileReference; fileEncoding = 4; lastKnownFileType = sourcecode.c.objc; path = "ViewController+MASAdditions.m"; sourceTree = "<group>"; };
		3D6C9B281E45FF9900C2BABE /* UIView+FindViewThatIsFirstResponder.h */ = {isa = PBXFileReference; fileEncoding = 4; lastKnownFileType = sourcecode.c.h; path = "UIView+FindViewThatIsFirstResponder.h"; sourceTree = "<group>"; };
		3D6C9B291E45FF9900C2BABE /* UIView+FindViewThatIsFirstResponder.m */ = {isa = PBXFileReference; fileEncoding = 4; lastKnownFileType = sourcecode.c.objc; path = "UIView+FindViewThatIsFirstResponder.m"; sourceTree = "<group>"; };
		3D6C9B381E45FFB300C2BABE /* AppDelegate.h */ = {isa = PBXFileReference; fileEncoding = 4; lastKnownFileType = sourcecode.c.h; path = AppDelegate.h; sourceTree = "<group>"; };
		3D6C9B391E45FFB300C2BABE /* AppDelegate.m */ = {isa = PBXFileReference; fileEncoding = 4; lastKnownFileType = sourcecode.c.objc; path = AppDelegate.m; sourceTree = "<group>"; };
		3D6C9B3A1E45FFB300C2BABE /* main.m */ = {isa = PBXFileReference; fileEncoding = 4; lastKnownFileType = sourcecode.c.objc; path = main.m; sourceTree = "<group>"; };
		3D6C9B3E1E46000A00C2BABE /* Info.plist */ = {isa = PBXFileReference; fileEncoding = 4; lastKnownFileType = text.plist.xml; path = Info.plist; sourceTree = "<group>"; };
		3D6C9B3F1E46000A00C2BABE /* MJExtension.h */ = {isa = PBXFileReference; fileEncoding = 4; lastKnownFileType = sourcecode.c.h; path = MJExtension.h; sourceTree = "<group>"; };
		3D6C9B401E46000A00C2BABE /* MJExtensionConst.h */ = {isa = PBXFileReference; fileEncoding = 4; lastKnownFileType = sourcecode.c.h; path = MJExtensionConst.h; sourceTree = "<group>"; };
		3D6C9B411E46000A00C2BABE /* MJExtensionConst.m */ = {isa = PBXFileReference; fileEncoding = 4; lastKnownFileType = sourcecode.c.objc; path = MJExtensionConst.m; sourceTree = "<group>"; };
		3D6C9B421E46000A00C2BABE /* MJFoundation.h */ = {isa = PBXFileReference; fileEncoding = 4; lastKnownFileType = sourcecode.c.h; path = MJFoundation.h; sourceTree = "<group>"; };
		3D6C9B431E46000A00C2BABE /* MJFoundation.m */ = {isa = PBXFileReference; fileEncoding = 4; lastKnownFileType = sourcecode.c.objc; path = MJFoundation.m; sourceTree = "<group>"; };
		3D6C9B441E46000A00C2BABE /* MJProperty.h */ = {isa = PBXFileReference; fileEncoding = 4; lastKnownFileType = sourcecode.c.h; path = MJProperty.h; sourceTree = "<group>"; };
		3D6C9B451E46000A00C2BABE /* MJProperty.m */ = {isa = PBXFileReference; fileEncoding = 4; lastKnownFileType = sourcecode.c.objc; path = MJProperty.m; sourceTree = "<group>"; };
		3D6C9B461E46000A00C2BABE /* MJPropertyKey.h */ = {isa = PBXFileReference; fileEncoding = 4; lastKnownFileType = sourcecode.c.h; path = MJPropertyKey.h; sourceTree = "<group>"; };
		3D6C9B471E46000A00C2BABE /* MJPropertyKey.m */ = {isa = PBXFileReference; fileEncoding = 4; lastKnownFileType = sourcecode.c.objc; path = MJPropertyKey.m; sourceTree = "<group>"; };
		3D6C9B481E46000A00C2BABE /* MJPropertyType.h */ = {isa = PBXFileReference; fileEncoding = 4; lastKnownFileType = sourcecode.c.h; path = MJPropertyType.h; sourceTree = "<group>"; };
		3D6C9B491E46000A00C2BABE /* MJPropertyType.m */ = {isa = PBXFileReference; fileEncoding = 4; lastKnownFileType = sourcecode.c.objc; path = MJPropertyType.m; sourceTree = "<group>"; };
		3D6C9B4A1E46000A00C2BABE /* NSObject+MJClass.h */ = {isa = PBXFileReference; fileEncoding = 4; lastKnownFileType = sourcecode.c.h; path = "NSObject+MJClass.h"; sourceTree = "<group>"; };
		3D6C9B4B1E46000A00C2BABE /* NSObject+MJClass.m */ = {isa = PBXFileReference; fileEncoding = 4; lastKnownFileType = sourcecode.c.objc; path = "NSObject+MJClass.m"; sourceTree = "<group>"; };
		3D6C9B4C1E46000A00C2BABE /* NSObject+MJCoding.h */ = {isa = PBXFileReference; fileEncoding = 4; lastKnownFileType = sourcecode.c.h; path = "NSObject+MJCoding.h"; sourceTree = "<group>"; };
		3D6C9B4D1E46000A00C2BABE /* NSObject+MJCoding.m */ = {isa = PBXFileReference; fileEncoding = 4; lastKnownFileType = sourcecode.c.objc; path = "NSObject+MJCoding.m"; sourceTree = "<group>"; };
		3D6C9B4E1E46000A00C2BABE /* NSObject+MJKeyValue.h */ = {isa = PBXFileReference; fileEncoding = 4; lastKnownFileType = sourcecode.c.h; path = "NSObject+MJKeyValue.h"; sourceTree = "<group>"; };
		3D6C9B4F1E46000A00C2BABE /* NSObject+MJKeyValue.m */ = {isa = PBXFileReference; fileEncoding = 4; lastKnownFileType = sourcecode.c.objc; path = "NSObject+MJKeyValue.m"; sourceTree = "<group>"; };
		3D6C9B501E46000A00C2BABE /* NSObject+MJProperty.h */ = {isa = PBXFileReference; fileEncoding = 4; lastKnownFileType = sourcecode.c.h; path = "NSObject+MJProperty.h"; sourceTree = "<group>"; };
		3D6C9B511E46000A00C2BABE /* NSObject+MJProperty.m */ = {isa = PBXFileReference; fileEncoding = 4; lastKnownFileType = sourcecode.c.objc; path = "NSObject+MJProperty.m"; sourceTree = "<group>"; };
		3D6C9B521E46000A00C2BABE /* NSString+MJExtension.h */ = {isa = PBXFileReference; fileEncoding = 4; lastKnownFileType = sourcecode.c.h; path = "NSString+MJExtension.h"; sourceTree = "<group>"; };
		3D6C9B531E46000A00C2BABE /* NSString+MJExtension.m */ = {isa = PBXFileReference; fileEncoding = 4; lastKnownFileType = sourcecode.c.objc; path = "NSString+MJExtension.m"; sourceTree = "<group>"; };
		3DF7FC161E54334800AA0D13 /* CCMeViewController.h */ = {isa = PBXFileReference; fileEncoding = 4; lastKnownFileType = sourcecode.c.h; path = CCMeViewController.h; sourceTree = "<group>"; };
		3DF7FC171E54334800AA0D13 /* CCMeViewController.m */ = {isa = PBXFileReference; fileEncoding = 4; lastKnownFileType = sourcecode.c.objc; path = CCMeViewController.m; sourceTree = "<group>"; };
		3DF7FC201E544E9C00AA0D13 /* CCProfileViewContoller.h */ = {isa = PBXFileReference; fileEncoding = 4; lastKnownFileType = sourcecode.c.h; path = CCProfileViewContoller.h; sourceTree = "<group>"; };
		3DF7FC211E544E9C00AA0D13 /* CCProfileViewContoller.m */ = {isa = PBXFileReference; fileEncoding = 4; lastKnownFileType = sourcecode.c.objc; path = CCProfileViewContoller.m; sourceTree = "<group>"; };
		3DF7FC2A1E54521200AA0D13 /* CCProfileViewContoller.storyboard */ = {isa = PBXFileReference; fileEncoding = 4; lastKnownFileType = file.storyboard; path = CCProfileViewContoller.storyboard; sourceTree = "<group>"; };
		3DF7FC2C1E54576E00AA0D13 /* CCEditingViewController.h */ = {isa = PBXFileReference; fileEncoding = 4; lastKnownFileType = sourcecode.c.h; path = CCEditingViewController.h; sourceTree = "<group>"; };
		3DF7FC2D1E54576E00AA0D13 /* CCEditingViewController.m */ = {isa = PBXFileReference; fileEncoding = 4; lastKnownFileType = sourcecode.c.objc; path = CCEditingViewController.m; sourceTree = "<group>"; };
		3DF7FC2F1E54578500AA0D13 /* CCEditingViewController.storyboard */ = {isa = PBXFileReference; fileEncoding = 4; lastKnownFileType = file.storyboard; path = CCEditingViewController.storyboard; sourceTree = "<group>"; };
		3DF7FC311E54607C00AA0D13 /* CCNavigationController.h */ = {isa = PBXFileReference; fileEncoding = 4; lastKnownFileType = sourcecode.c.h; name = CCNavigationController.h; path = ../View/CCNavigationController.h; sourceTree = "<group>"; };
		3DF7FC321E54607C00AA0D13 /* CCNavigationController.m */ = {isa = PBXFileReference; fileEncoding = 4; lastKnownFileType = sourcecode.c.objc; name = CCNavigationController.m; path = ../View/CCNavigationController.m; sourceTree = "<group>"; };
		3DF7FC341E548AED00AA0D13 /* CCImageView.h */ = {isa = PBXFileReference; fileEncoding = 4; lastKnownFileType = sourcecode.c.h; path = CCImageView.h; sourceTree = "<group>"; };
		3DF7FC351E548AED00AA0D13 /* CCImageView.m */ = {isa = PBXFileReference; fileEncoding = 4; lastKnownFileType = sourcecode.c.objc; path = CCImageView.m; sourceTree = "<group>"; };
		3DF7FC381E54C19D00AA0D13 /* Base */ = {isa = PBXFileReference; lastKnownFileType = file.storyboard; name = Base; path = LaunchScreen.storyboard; sourceTree = "<group>"; };
		3DF7FC5D1E57FCB700AA0D13 /* UIView+Frame.h */ = {isa = PBXFileReference; fileEncoding = 4; lastKnownFileType = sourcecode.c.h; path = "UIView+Frame.h"; sourceTree = "<group>"; };
		3DF7FC5E1E57FCB700AA0D13 /* UIView+Frame.m */ = {isa = PBXFileReference; fileEncoding = 4; lastKnownFileType = sourcecode.c.objc; path = "UIView+Frame.m"; sourceTree = "<group>"; };
		3DF7FC621E58139C00AA0D13 /* CCNotesViewController.h */ = {isa = PBXFileReference; fileEncoding = 4; lastKnownFileType = sourcecode.c.h; path = CCNotesViewController.h; sourceTree = "<group>"; };
		3DF7FC631E58139C00AA0D13 /* CCNotesViewController.m */ = {isa = PBXFileReference; fileEncoding = 4; lastKnownFileType = sourcecode.c.objc; path = CCNotesViewController.m; sourceTree = "<group>"; };
		3DF7FC671E5813C500AA0D13 /* CCNotesTitleView.h */ = {isa = PBXFileReference; fileEncoding = 4; lastKnownFileType = sourcecode.c.h; path = CCNotesTitleView.h; sourceTree = "<group>"; };
		3DF7FC681E5813C500AA0D13 /* CCNotesTitleView.m */ = {isa = PBXFileReference; fileEncoding = 4; lastKnownFileType = sourcecode.c.objc; path = CCNotesTitleView.m; sourceTree = "<group>"; };
		3DF7FC701E59EC1200AA0D13 /* CCNotesFullScreenButton.h */ = {isa = PBXFileReference; fileEncoding = 4; lastKnownFileType = sourcecode.c.h; path = CCNotesFullScreenButton.h; sourceTree = "<group>"; };
		3DF7FC711E59EC1200AA0D13 /* CCNotesFullScreenButton.m */ = {isa = PBXFileReference; fileEncoding = 4; lastKnownFileType = sourcecode.c.objc; path = CCNotesFullScreenButton.m; sourceTree = "<group>"; };
		3DF7FC771E5A8DF300AA0D13 /* CCCommonCoverView.h */ = {isa = PBXFileReference; fileEncoding = 4; lastKnownFileType = sourcecode.c.h; path = CCCommonCoverView.h; sourceTree = "<group>"; };
		3DF7FC781E5A8DF300AA0D13 /* CCCommonCoverView.m */ = {isa = PBXFileReference; fileEncoding = 4; lastKnownFileType = sourcecode.c.objc; path = CCCommonCoverView.m; sourceTree = "<group>"; };
		3DF7FC7A1E5A975C00AA0D13 /* CCAddNotesView.h */ = {isa = PBXFileReference; fileEncoding = 4; lastKnownFileType = sourcecode.c.h; path = CCAddNotesView.h; sourceTree = "<group>"; };
		3DF7FC7B1E5A975C00AA0D13 /* CCAddNotesView.m */ = {isa = PBXFileReference; fileEncoding = 4; lastKnownFileType = sourcecode.c.objc; path = CCAddNotesView.m; sourceTree = "<group>"; };
		3DF7FC7D1E5A976F00AA0D13 /* CCAddNotesView.xib */ = {isa = PBXFileReference; fileEncoding = 4; lastKnownFileType = file.xib; path = CCAddNotesView.xib; sourceTree = "<group>"; };
		3DF7FC7F1E5AC6EF00AA0D13 /* CCNotesItem.h */ = {isa = PBXFileReference; fileEncoding = 4; lastKnownFileType = sourcecode.c.h; path = CCNotesItem.h; sourceTree = "<group>"; };
		3DF7FC801E5AC6EF00AA0D13 /* CCNotesItem.m */ = {isa = PBXFileReference; fileEncoding = 4; lastKnownFileType = sourcecode.c.objc; path = CCNotesItem.m; sourceTree = "<group>"; };
		3DF7FCC81E5DE26600AA0D13 /* CCDateButton.h */ = {isa = PBXFileReference; fileEncoding = 4; lastKnownFileType = sourcecode.c.h; path = CCDateButton.h; sourceTree = "<group>"; };
		3DF7FCC91E5DE26600AA0D13 /* CCDateButton.m */ = {isa = PBXFileReference; fileEncoding = 4; lastKnownFileType = sourcecode.c.objc; path = CCDateButton.m; sourceTree = "<group>"; };
		3DF7FCCA1E5DE26600AA0D13 /* CCTaskCardTabldViewCell.h */ = {isa = PBXFileReference; fileEncoding = 4; lastKnownFileType = sourcecode.c.h; path = CCTaskCardTabldViewCell.h; sourceTree = "<group>"; };
		3DF7FCCB1E5DE26600AA0D13 /* CCTaskCardTabldViewCell.m */ = {isa = PBXFileReference; fileEncoding = 4; lastKnownFileType = sourcecode.c.objc; path = CCTaskCardTabldViewCell.m; sourceTree = "<group>"; };
		3DF7FCD91E5DE2D100AA0D13 /* CCContentTableView.m */ = {isa = PBXFileReference; fileEncoding = 4; lastKnownFileType = sourcecode.c.objc; path = CCContentTableView.m; sourceTree = "<group>"; };
		3DF7FCDA1E5DE2D100AA0D13 /* CCContentTableView.h */ = {isa = PBXFileReference; fileEncoding = 4; lastKnownFileType = sourcecode.c.h; path = CCContentTableView.h; sourceTree = "<group>"; };
		3DF7FCE31E5DE50700AA0D13 /* CCDatePicker.h */ = {isa = PBXFileReference; fileEncoding = 4; lastKnownFileType = sourcecode.c.h; path = CCDatePicker.h; sourceTree = "<group>"; };
		3DF7FCE41E5DE50700AA0D13 /* CCDatePicker.m */ = {isa = PBXFileReference; fileEncoding = 4; lastKnownFileType = sourcecode.c.objc; path = CCDatePicker.m; sourceTree = "<group>"; };
		3DF7FCE91E5DE5AA00AA0D13 /* CCCardDetailCoverView.h */ = {isa = PBXFileReference; fileEncoding = 4; lastKnownFileType = sourcecode.c.h; path = CCCardDetailCoverView.h; sourceTree = "<group>"; };
		3DF7FCEA1E5DE5AA00AA0D13 /* CCCardDetailCoverView.m */ = {isa = PBXFileReference; fileEncoding = 4; lastKnownFileType = sourcecode.c.objc; path = CCCardDetailCoverView.m; sourceTree = "<group>"; };
		3DF7FCEC1E5DE60D00AA0D13 /* CCCardDetailView.h */ = {isa = PBXFileReference; fileEncoding = 4; lastKnownFileType = sourcecode.c.h; path = CCCardDetailView.h; sourceTree = "<group>"; };
		3DF7FCED1E5DE60D00AA0D13 /* CCCardDetailView.m */ = {isa = PBXFileReference; fileEncoding = 4; lastKnownFileType = sourcecode.c.objc; path = CCCardDetailView.m; sourceTree = "<group>"; };
		3DF7FCEE1E5DE60D00AA0D13 /* CCCardDetailView.xib */ = {isa = PBXFileReference; fileEncoding = 4; lastKnownFileType = file.xib; path = CCCardDetailView.xib; sourceTree = "<group>"; };
		3DF7FCF91E5DE9C500AA0D13 /* CCRemarkViewController.h */ = {isa = PBXFileReference; fileEncoding = 4; lastKnownFileType = sourcecode.c.h; path = CCRemarkViewController.h; sourceTree = "<group>"; };
		3DF7FCFA1E5DE9C500AA0D13 /* CCRemarkViewController.m */ = {isa = PBXFileReference; fileEncoding = 4; lastKnownFileType = sourcecode.c.objc; path = CCRemarkViewController.m; sourceTree = "<group>"; };
		3DF7FCFC1E5E7D0000AA0D13 /* CCRemarkNavigationController.h */ = {isa = PBXFileReference; fileEncoding = 4; lastKnownFileType = sourcecode.c.h; path = CCRemarkNavigationController.h; sourceTree = "<group>"; };
		3DF7FCFD1E5E7D0000AA0D13 /* CCRemarkNavigationController.m */ = {isa = PBXFileReference; fileEncoding = 4; lastKnownFileType = sourcecode.c.objc; path = CCRemarkNavigationController.m; sourceTree = "<group>"; };
		3DF7FCFF1E5EB02400AA0D13 /* UIBarButtonItem+BarButtonItem.h */ = {isa = PBXFileReference; fileEncoding = 4; lastKnownFileType = sourcecode.c.h; path = "UIBarButtonItem+BarButtonItem.h"; sourceTree = "<group>"; };
		3DF7FD001E5EB02400AA0D13 /* UIBarButtonItem+BarButtonItem.m */ = {isa = PBXFileReference; fileEncoding = 4; lastKnownFileType = sourcecode.c.objc; path = "UIBarButtonItem+BarButtonItem.m"; sourceTree = "<group>"; };
		3DF7FD021E5ECD2F00AA0D13 /* CCRemarkTableViewCell.h */ = {isa = PBXFileReference; fileEncoding = 4; lastKnownFileType = sourcecode.c.h; path = CCRemarkTableViewCell.h; sourceTree = "<group>"; };
		3DF7FD031E5ECD2F00AA0D13 /* CCRemarkTableViewCell.m */ = {isa = PBXFileReference; fileEncoding = 4; lastKnownFileType = sourcecode.c.objc; path = CCRemarkTableViewCell.m; sourceTree = "<group>"; };
		3DF7FD041E5ECD2F00AA0D13 /* CCRemarkTableViewCell.xib */ = {isa = PBXFileReference; fileEncoding = 4; lastKnownFileType = file.xib; path = CCRemarkTableViewCell.xib; sourceTree = "<group>"; };
		3DF7FD071E5EDF8300AA0D13 /* CCRemarkItem.h */ = {isa = PBXFileReference; fileEncoding = 4; lastKnownFileType = sourcecode.c.h; path = CCRemarkItem.h; sourceTree = "<group>"; };
		3DF7FD081E5EDF8300AA0D13 /* CCRemarkItem.m */ = {isa = PBXFileReference; fileEncoding = 4; lastKnownFileType = sourcecode.c.objc; path = CCRemarkItem.m; sourceTree = "<group>"; };
		3DF7FD0A1E5F1A0300AA0D13 /* CCAddRemarkViewController.h */ = {isa = PBXFileReference; fileEncoding = 4; lastKnownFileType = sourcecode.c.h; path = CCAddRemarkViewController.h; sourceTree = "<group>"; };
		3DF7FD0B1E5F1A0300AA0D13 /* CCAddRemarkViewController.m */ = {isa = PBXFileReference; fileEncoding = 4; lastKnownFileType = sourcecode.c.objc; path = CCAddRemarkViewController.m; sourceTree = "<group>"; };
		3DF7FD0D1E5F1F9E00AA0D13 /* CCAddRemarkViewController.xib */ = {isa = PBXFileReference; fileEncoding = 4; lastKnownFileType = file.xib; path = CCAddRemarkViewController.xib; sourceTree = "<group>"; };
		3DF7FD0F1E5F395500AA0D13 /* CCTagButton.h */ = {isa = PBXFileReference; fileEncoding = 4; lastKnownFileType = sourcecode.c.h; path = CCTagButton.h; sourceTree = "<group>"; };
		3DF7FD101E5F395500AA0D13 /* CCTagButton.m */ = {isa = PBXFileReference; fileEncoding = 4; lastKnownFileType = sourcecode.c.objc; path = CCTagButton.m; sourceTree = "<group>"; };
		3DF7FD121E5FF41600AA0D13 /* CCRemarkTitleCloseButton.h */ = {isa = PBXFileReference; fileEncoding = 4; lastKnownFileType = sourcecode.c.h; path = CCRemarkTitleCloseButton.h; sourceTree = "<group>"; };
		3DF7FD131E5FF41600AA0D13 /* CCRemarkTitleCloseButton.m */ = {isa = PBXFileReference; fileEncoding = 4; lastKnownFileType = sourcecode.c.objc; path = CCRemarkTitleCloseButton.m; sourceTree = "<group>"; };
		3DF7FD181E601D5600AA0D13 /* CCRemarkContainerView.h */ = {isa = PBXFileReference; fileEncoding = 4; lastKnownFileType = sourcecode.c.h; path = CCRemarkContainerView.h; sourceTree = "<group>"; };
		3DF7FD191E601D5600AA0D13 /* CCRemarkContainerView.m */ = {isa = PBXFileReference; fileEncoding = 4; lastKnownFileType = sourcecode.c.objc; path = CCRemarkContainerView.m; sourceTree = "<group>"; };
		3DF7FD1C1E6078CF00AA0D13 /* CCCoverView.h */ = {isa = PBXFileReference; fileEncoding = 4; lastKnownFileType = sourcecode.c.h; path = CCCoverView.h; sourceTree = "<group>"; };
		3DF7FD1D1E6078CF00AA0D13 /* CCCoverView.m */ = {isa = PBXFileReference; fileEncoding = 4; lastKnownFileType = sourcecode.c.objc; path = CCCoverView.m; sourceTree = "<group>"; };
		3DF7FD1F1E607F3200AA0D13 /* CCNewCardTagContainerView.h */ = {isa = PBXFileReference; fileEncoding = 4; lastKnownFileType = sourcecode.c.h; path = CCNewCardTagContainerView.h; sourceTree = "<group>"; };
		3DF7FD201E607F3200AA0D13 /* CCNewCardTagContainerView.m */ = {isa = PBXFileReference; fileEncoding = 4; lastKnownFileType = sourcecode.c.objc; path = CCNewCardTagContainerView.m; sourceTree = "<group>"; };
		3DF7FD221E6081A000AA0D13 /* CCNewCardTagButton.h */ = {isa = PBXFileReference; fileEncoding = 4; lastKnownFileType = sourcecode.c.h; path = CCNewCardTagButton.h; sourceTree = "<group>"; };
		3DF7FD231E6081A000AA0D13 /* CCNewCardTagButton.m */ = {isa = PBXFileReference; fileEncoding = 4; lastKnownFileType = sourcecode.c.objc; path = CCNewCardTagButton.m; sourceTree = "<group>"; };
		3DF7FD251E63CA7100AA0D13 /* CCCardContentView.h */ = {isa = PBXFileReference; fileEncoding = 4; lastKnownFileType = sourcecode.c.h; name = CCCardContentView.h; path = CCTimeLineCoverView/CCCardContentView.h; sourceTree = "<group>"; };
		3DF7FD261E63CA7100AA0D13 /* CCCardContentView.m */ = {isa = PBXFileReference; fileEncoding = 4; lastKnownFileType = sourcecode.c.objc; name = CCCardContentView.m; path = CCTimeLineCoverView/CCCardContentView.m; sourceTree = "<group>"; };
		3DF7FD281E64190E00AA0D13 /* CCCardDetailDoneButton.h */ = {isa = PBXFileReference; fileEncoding = 4; lastKnownFileType = sourcecode.c.h; path = CCCardDetailDoneButton.h; sourceTree = "<group>"; };
		3DF7FD291E64190E00AA0D13 /* CCCardDetailDoneButton.m */ = {isa = PBXFileReference; fileEncoding = 4; lastKnownFileType = sourcecode.c.objc; path = CCCardDetailDoneButton.m; sourceTree = "<group>"; };
		3DF7FD2B1E641B9D00AA0D13 /* CCCardRecoverView.h */ = {isa = PBXFileReference; fileEncoding = 4; lastKnownFileType = sourcecode.c.h; path = CCCardRecoverView.h; sourceTree = "<group>"; };
		3DF7FD2C1E641B9D00AA0D13 /* CCCardRecoverView.m */ = {isa = PBXFileReference; fileEncoding = 4; lastKnownFileType = sourcecode.c.objc; path = CCCardRecoverView.m; sourceTree = "<group>"; };
		3DF7FD2E1E641BAE00AA0D13 /* CCCardRecoverView.xib */ = {isa = PBXFileReference; fileEncoding = 4; lastKnownFileType = file.xib; path = CCCardRecoverView.xib; sourceTree = "<group>"; };
/* End PBXFileReference section */

/* Begin PBXFrameworksBuildPhase section */
		3D6C99F41E3C917000C2BABE /* Frameworks */ = {
			isa = PBXFrameworksBuildPhase;
			buildActionMask = 2147483647;
			files = (
			);
			runOnlyForDeploymentPostprocessing = 0;
		};
/* End PBXFrameworksBuildPhase section */

/* Begin PBXGroup section */
		3D0793DD1E487069000D7DC2 /* Frameworks */ = {
			isa = PBXGroup;
			children = (
				3D0793DE1E487069000D7DC2 /* libz.tbd */,
			);
			name = Frameworks;
			sourceTree = "<group>";
		};
		3D4BF1D71E53E205007B0F59 /* CCCalerderPickerView */ = {
			isa = PBXGroup;
			children = (
				3D4BF1D81E53E205007B0F59 /* Category */,
				3D4BF1DB1E53E205007B0F59 /* DateTool */,
				3D4BF1DE1E53E205007B0F59 /* MainViews */,
				3D4BF1E71E53E205007B0F59 /* Supporting Files */,
			);
			path = CCCalerderPickerView;
			sourceTree = "<group>";
		};
		3D4BF1D81E53E205007B0F59 /* Category */ = {
			isa = PBXGroup;
			children = (
				3D4BF1D91E53E205007B0F59 /* NSDate+Date.h */,
				3D4BF1DA1E53E205007B0F59 /* NSDate+Date.m */,
			);
			path = Category;
			sourceTree = "<group>";
		};
		3D4BF1DB1E53E205007B0F59 /* DateTool */ = {
			isa = PBXGroup;
			children = (
				3D4BF1DC1E53E205007B0F59 /* CCDateTool.h */,
				3D4BF1DD1E53E205007B0F59 /* CCDateTool.m */,
			);
			path = DateTool;
			sourceTree = "<group>";
		};
		3D4BF1DE1E53E205007B0F59 /* MainViews */ = {
			isa = PBXGroup;
			children = (
				3D4BF1DF1E53E205007B0F59 /* CCCalenderDateView.h */,
				3D4BF1E01E53E205007B0F59 /* CCCalenderDateView.m */,
				3D4BF1E11E53E205007B0F59 /* CCCalenderItemView.h */,
				3D4BF1E21E53E205007B0F59 /* CCCalenderItemView.m */,
				3D4BF1E31E53E205007B0F59 /* CCCalenderItemView.xib */,
				3D4BF1E41E53E205007B0F59 /* CCCalerderPickerView.h */,
				3D4BF1E51E53E205007B0F59 /* CCCalerderPickerView.m */,
				3D4BF1E61E53E205007B0F59 /* CCCalerderPickerView.xib */,
			);
			path = MainViews;
			sourceTree = "<group>";
		};
		3D4BF1E71E53E205007B0F59 /* Supporting Files */ = {
			isa = PBXGroup;
			children = (
				3D4BF1E81E53E205007B0F59 /* CCDotItem.h */,
				3D4BF1E91E53E205007B0F59 /* CCDotItem.m */,
				3D4BF1EA1E53E205007B0F59 /* Images */,
			);
			path = "Supporting Files";
			sourceTree = "<group>";
		};
		3D4BF1EA1E53E205007B0F59 /* Images */ = {
			isa = PBXGroup;
			children = (
				3D4BF1EB1E53E205007B0F59 /* up_arror.png */,
			);
			path = Images;
			sourceTree = "<group>";
		};
		3D6C99EE1E3C917000C2BABE = {
			isa = PBXGroup;
			children = (
				3D6C99F91E3C917000C2BABE /* TimelineApp */,
				3D6C99F81E3C917000C2BABE /* Products */,
				3D0793DD1E487069000D7DC2 /* Frameworks */,
			);
			sourceTree = "<group>";
		};
		3D6C99F81E3C917000C2BABE /* Products */ = {
			isa = PBXGroup;
			children = (
				3D6C99F71E3C917000C2BABE /* TimelineApp.app */,
			);
			name = Products;
			sourceTree = "<group>";
		};
		3D6C99F91E3C917000C2BABE /* TimelineApp */ = {
			isa = PBXGroup;
			children = (
				3D6C9B0A1E45FF9900C2BABE /* Tools */,
				3D6C9B371E45FFB300C2BABE /* Main */,
				3D6C9A111E3C91DC00C2BABE /* Base.lproj */,
				3D6C9A141E3C91DC00C2BABE /* Classes */,
				3D6C9A061E3C917000C2BABE /* Assets.xcassets */,
				3D6C9A0B1E3C917000C2BABE /* Info.plist */,
				3D6C99FA1E3C917000C2BABE /* Supporting Files */,
			);
			path = TimelineApp;
			sourceTree = "<group>";
		};
		3D6C99FA1E3C917000C2BABE /* Supporting Files */ = {
			isa = PBXGroup;
			children = (
				3D07945E1E4B5C16000D7DC2 /* alert_sound.m4a */,
				3D0793DB1E487011000D7DC2 /* Reveal.framework */,
				3D6C9A891E437A0B00C2BABE /* TaskCardItems.plist */,
				3D6C9A9A1E45B2BE00C2BABE /* CCGlobalMacro.pch */,
			);
			name = "Supporting Files";
			sourceTree = "<group>";
		};
		3D6C9A111E3C91DC00C2BABE /* Base.lproj */ = {
			isa = PBXGroup;
			children = (
				3D6C9A121E3C91DC00C2BABE /* Main.storyboard */,
				3DF7FC371E54C19D00AA0D13 /* LaunchScreen.storyboard */,
			);
			path = Base.lproj;
			sourceTree = "<group>";
		};
		3D6C9A141E3C91DC00C2BABE /* Classes */ = {
			isa = PBXGroup;
			children = (
				3D4BF1D71E53E205007B0F59 /* CCCalerderPickerView */,
				3DF7FC601E58139C00AA0D13 /* Notes */,
				3D6C9A151E3C91DC00C2BABE /* MyProfile */,
				3D6C9A1C1E3C91DC00C2BABE /* TimeLine */,
				3DF7FCF51E5DE9AC00AA0D13 /* RemarkTableView */,
				3DF7FC731E5A8DA500AA0D13 /* Others */,
			);
			path = Classes;
			sourceTree = "<group>";
		};
		3D6C9A151E3C91DC00C2BABE /* MyProfile */ = {
			isa = PBXGroup;
			children = (
				3D6C9A161E3C91DC00C2BABE /* Controller */,
				3D6C9A1A1E3C91DC00C2BABE /* Model */,
				3D6C9A1B1E3C91DC00C2BABE /* View */,
			);
			path = MyProfile;
			sourceTree = "<group>";
		};
		3D6C9A161E3C91DC00C2BABE /* Controller */ = {
			isa = PBXGroup;
			children = (
				3DF7FC161E54334800AA0D13 /* CCMeViewController.h */,
				3DF7FC171E54334800AA0D13 /* CCMeViewController.m */,
				3DF7FC311E54607C00AA0D13 /* CCNavigationController.h */,
				3DF7FC321E54607C00AA0D13 /* CCNavigationController.m */,
			);
			path = Controller;
			sourceTree = "<group>";
		};
		3D6C9A1A1E3C91DC00C2BABE /* Model */ = {
			isa = PBXGroup;
			children = (
			);
			path = Model;
			sourceTree = "<group>";
		};
		3D6C9A1B1E3C91DC00C2BABE /* View */ = {
			isa = PBXGroup;
			children = (
				3DF7FC201E544E9C00AA0D13 /* CCProfileViewContoller.h */,
				3DF7FC211E544E9C00AA0D13 /* CCProfileViewContoller.m */,
				3DF7FC2A1E54521200AA0D13 /* CCProfileViewContoller.storyboard */,
				3DF7FC2C1E54576E00AA0D13 /* CCEditingViewController.h */,
				3DF7FC2D1E54576E00AA0D13 /* CCEditingViewController.m */,
				3DF7FC2F1E54578500AA0D13 /* CCEditingViewController.storyboard */,
				3DF7FC341E548AED00AA0D13 /* CCImageView.h */,
				3DF7FC351E548AED00AA0D13 /* CCImageView.m */,
			);
			path = View;
			sourceTree = "<group>";
		};
		3D6C9A1C1E3C91DC00C2BABE /* TimeLine */ = {
			isa = PBXGroup;
			children = (
				3D6C9A1D1E3C91DC00C2BABE /* Controller */,
				3D6C9A211E3C91DC00C2BABE /* Model */,
				3DF7FCAF1E5DE26600AA0D13 /* View */,
			);
			path = TimeLine;
			sourceTree = "<group>";
		};
		3D6C9A1D1E3C91DC00C2BABE /* Controller */ = {
			isa = PBXGroup;
			children = (
				3D6C9A1E1E3C91DC00C2BABE /* TimeLineViewController.h */,
				3D6C9A1F1E3C91DC00C2BABE /* TimeLineViewController.m */,
				3D6C9A201E3C91DC00C2BABE /* TimeLineViewController.xib */,
			);
			path = Controller;
			sourceTree = "<group>";
		};
		3D6C9A211E3C91DC00C2BABE /* Model */ = {
			isa = PBXGroup;
			children = (
				3D6C9A861E4374BE00C2BABE /* CCTaskCardItem.h */,
				3D6C9A871E4374BE00C2BABE /* CCTaskCardItem.m */,
			);
			path = Model;
			sourceTree = "<group>";
		};
		3D6C9B0A1E45FF9900C2BABE /* Tools */ = {
			isa = PBXGroup;
			children = (
				3DF7FC5C1E57FCB700AA0D13 /* Category */,
				3D6C9B3D1E46000A00C2BABE /* MJExtension */,
				3D6C9B0D1E45FF9900C2BABE /* Masonry */,
				3D6C9B0B1E45FF9900C2BABE /* GetCurrentTime.h */,
				3D6C9B0C1E45FF9900C2BABE /* GetCurrentTime.m */,
				3D0794581E4B1449000D7DC2 /* NSObject+LocalNotification.h */,
				3D0794591E4B1449000D7DC2 /* NSObject+LocalNotification.m */,
				3D6C9B281E45FF9900C2BABE /* UIView+FindViewThatIsFirstResponder.h */,
				3D6C9B291E45FF9900C2BABE /* UIView+FindViewThatIsFirstResponder.m */,
			);
			path = Tools;
			sourceTree = "<group>";
		};
		3D6C9B0D1E45FF9900C2BABE /* Masonry */ = {
			isa = PBXGroup;
			children = (
				3D6C9B0E1E45FF9900C2BABE /* Info.plist */,
				3D6C9B0F1E45FF9900C2BABE /* MASCompositeConstraint.h */,
				3D6C9B101E45FF9900C2BABE /* MASCompositeConstraint.m */,
				3D6C9B111E45FF9900C2BABE /* MASConstraint+Private.h */,
				3D6C9B121E45FF9900C2BABE /* MASConstraint.h */,
				3D6C9B131E45FF9900C2BABE /* MASConstraint.m */,
				3D6C9B141E45FF9900C2BABE /* MASConstraintMaker.h */,
				3D6C9B151E45FF9900C2BABE /* MASConstraintMaker.m */,
				3D6C9B161E45FF9900C2BABE /* MASLayoutConstraint.h */,
				3D6C9B171E45FF9900C2BABE /* MASLayoutConstraint.m */,
				3D6C9B181E45FF9900C2BABE /* Masonry.h */,
				3D6C9B191E45FF9900C2BABE /* MASUtilities.h */,
				3D6C9B1A1E45FF9900C2BABE /* MASViewAttribute.h */,
				3D6C9B1B1E45FF9900C2BABE /* MASViewAttribute.m */,
				3D6C9B1C1E45FF9900C2BABE /* MASViewConstraint.h */,
				3D6C9B1D1E45FF9900C2BABE /* MASViewConstraint.m */,
				3D6C9B1E1E45FF9900C2BABE /* NSArray+MASAdditions.h */,
				3D6C9B1F1E45FF9900C2BABE /* NSArray+MASAdditions.m */,
				3D6C9B201E45FF9900C2BABE /* NSArray+MASShorthandAdditions.h */,
				3D6C9B211E45FF9900C2BABE /* NSLayoutConstraint+MASDebugAdditions.h */,
				3D6C9B221E45FF9900C2BABE /* NSLayoutConstraint+MASDebugAdditions.m */,
				3D6C9B231E45FF9900C2BABE /* View+MASAdditions.h */,
				3D6C9B241E45FF9900C2BABE /* View+MASAdditions.m */,
				3D6C9B251E45FF9900C2BABE /* View+MASShorthandAdditions.h */,
				3D6C9B261E45FF9900C2BABE /* ViewController+MASAdditions.h */,
				3D6C9B271E45FF9900C2BABE /* ViewController+MASAdditions.m */,
			);
			path = Masonry;
			sourceTree = "<group>";
		};
		3D6C9B371E45FFB300C2BABE /* Main */ = {
			isa = PBXGroup;
			children = (
				3D6C9B381E45FFB300C2BABE /* AppDelegate.h */,
				3D6C9B391E45FFB300C2BABE /* AppDelegate.m */,
				3D6C9B3A1E45FFB300C2BABE /* main.m */,
			);
			path = Main;
			sourceTree = "<group>";
		};
		3D6C9B3D1E46000A00C2BABE /* MJExtension */ = {
			isa = PBXGroup;
			children = (
				3D6C9B3E1E46000A00C2BABE /* Info.plist */,
				3D6C9B3F1E46000A00C2BABE /* MJExtension.h */,
				3D6C9B401E46000A00C2BABE /* MJExtensionConst.h */,
				3D6C9B411E46000A00C2BABE /* MJExtensionConst.m */,
				3D6C9B421E46000A00C2BABE /* MJFoundation.h */,
				3D6C9B431E46000A00C2BABE /* MJFoundation.m */,
				3D6C9B441E46000A00C2BABE /* MJProperty.h */,
				3D6C9B451E46000A00C2BABE /* MJProperty.m */,
				3D6C9B461E46000A00C2BABE /* MJPropertyKey.h */,
				3D6C9B471E46000A00C2BABE /* MJPropertyKey.m */,
				3D6C9B481E46000A00C2BABE /* MJPropertyType.h */,
				3D6C9B491E46000A00C2BABE /* MJPropertyType.m */,
				3D6C9B4A1E46000A00C2BABE /* NSObject+MJClass.h */,
				3D6C9B4B1E46000A00C2BABE /* NSObject+MJClass.m */,
				3D6C9B4C1E46000A00C2BABE /* NSObject+MJCoding.h */,
				3D6C9B4D1E46000A00C2BABE /* NSObject+MJCoding.m */,
				3D6C9B4E1E46000A00C2BABE /* NSObject+MJKeyValue.h */,
				3D6C9B4F1E46000A00C2BABE /* NSObject+MJKeyValue.m */,
				3D6C9B501E46000A00C2BABE /* NSObject+MJProperty.h */,
				3D6C9B511E46000A00C2BABE /* NSObject+MJProperty.m */,
				3D6C9B521E46000A00C2BABE /* NSString+MJExtension.h */,
				3D6C9B531E46000A00C2BABE /* NSString+MJExtension.m */,
			);
			path = MJExtension;
			sourceTree = "<group>";
		};
		3DF7FC5C1E57FCB700AA0D13 /* Category */ = {
			isa = PBXGroup;
			children = (
				3DF7FCFF1E5EB02400AA0D13 /* UIBarButtonItem+BarButtonItem.h */,
				3DF7FD001E5EB02400AA0D13 /* UIBarButtonItem+BarButtonItem.m */,
				3DF7FC5D1E57FCB700AA0D13 /* UIView+Frame.h */,
				3DF7FC5E1E57FCB700AA0D13 /* UIView+Frame.m */,
			);
			path = Category;
			sourceTree = "<group>";
		};
		3DF7FC601E58139C00AA0D13 /* Notes */ = {
			isa = PBXGroup;
			children = (
				3DF7FC611E58139C00AA0D13 /* Controller */,
				3DF7FC641E58139C00AA0D13 /* Model */,
				3DF7FC651E58139C00AA0D13 /* View */,
			);
			path = Notes;
			sourceTree = "<group>";
		};
		3DF7FC611E58139C00AA0D13 /* Controller */ = {
			isa = PBXGroup;
			children = (
				3DF7FC621E58139C00AA0D13 /* CCNotesViewController.h */,
				3DF7FC631E58139C00AA0D13 /* CCNotesViewController.m */,
			);
			path = Controller;
			sourceTree = "<group>";
		};
		3DF7FC641E58139C00AA0D13 /* Model */ = {
			isa = PBXGroup;
			children = (
				3DF7FC7F1E5AC6EF00AA0D13 /* CCNotesItem.h */,
				3DF7FC801E5AC6EF00AA0D13 /* CCNotesItem.m */,
			);
			path = Model;
			sourceTree = "<group>";
		};
		3DF7FC651E58139C00AA0D13 /* View */ = {
			isa = PBXGroup;
			children = (
				3DF7FC671E5813C500AA0D13 /* CCNotesTitleView.h */,
				3DF7FC681E5813C500AA0D13 /* CCNotesTitleView.m */,
				3DF7FC701E59EC1200AA0D13 /* CCNotesFullScreenButton.h */,
				3DF7FC711E59EC1200AA0D13 /* CCNotesFullScreenButton.m */,
				3DF7FC7A1E5A975C00AA0D13 /* CCAddNotesView.h */,
				3DF7FC7B1E5A975C00AA0D13 /* CCAddNotesView.m */,
				3DF7FC7D1E5A976F00AA0D13 /* CCAddNotesView.xib */,
			);
			path = View;
			sourceTree = "<group>";
		};
		3DF7FC731E5A8DA500AA0D13 /* Others */ = {
			isa = PBXGroup;
			children = (
				3DF7FC771E5A8DF300AA0D13 /* CCCommonCoverView.h */,
				3DF7FC781E5A8DF300AA0D13 /* CCCommonCoverView.m */,
			);
			path = Others;
			sourceTree = "<group>";
		};
		3DF7FCAF1E5DE26600AA0D13 /* View */ = {
			isa = PBXGroup;
			children = (
				3DF7FD1B1E6078CF00AA0D13 /* CCTimeLineCoverView */,
				3DF7FCB01E5DE26600AA0D13 /* CCCardDetail */,
				3DF7FCDA1E5DE2D100AA0D13 /* CCContentTableView.h */,
				3DF7FCD91E5DE2D100AA0D13 /* CCContentTableView.m */,
				3DF7FCCA1E5DE26600AA0D13 /* CCTaskCardTabldViewCell.h */,
				3DF7FCCB1E5DE26600AA0D13 /* CCTaskCardTabldViewCell.m */,
				3DF7FD251E63CA7100AA0D13 /* CCCardContentView.h */,
				3DF7FD261E63CA7100AA0D13 /* CCCardContentView.m */,
				3DF7FD181E601D5600AA0D13 /* CCRemarkContainerView.h */,
				3DF7FD191E601D5600AA0D13 /* CCRemarkContainerView.m */,
				3DF7FCC71E5DE26600AA0D13 /* CCDateButton */,
				3DF7FCE21E5DE50700AA0D13 /* CCDatePicker */,
			);
			path = View;
			sourceTree = "<group>";
		};
		3DF7FCB01E5DE26600AA0D13 /* CCCardDetail */ = {
			isa = PBXGroup;
			children = (
				3DF7FCE91E5DE5AA00AA0D13 /* CCCardDetailCoverView.h */,
				3DF7FCEA1E5DE5AA00AA0D13 /* CCCardDetailCoverView.m */,
				3DF7FCEC1E5DE60D00AA0D13 /* CCCardDetailView.h */,
				3DF7FCED1E5DE60D00AA0D13 /* CCCardDetailView.m */,
				3DF7FCEE1E5DE60D00AA0D13 /* CCCardDetailView.xib */,
				3DF7FD281E64190E00AA0D13 /* CCCardDetailDoneButton.h */,
				3DF7FD291E64190E00AA0D13 /* CCCardDetailDoneButton.m */,
				3DF7FD2B1E641B9D00AA0D13 /* CCCardRecoverView.h */,
				3DF7FD2C1E641B9D00AA0D13 /* CCCardRecoverView.m */,
				3DF7FD2E1E641BAE00AA0D13 /* CCCardRecoverView.xib */,
			);
			path = CCCardDetail;
			sourceTree = "<group>";
		};
		3DF7FCC71E5DE26600AA0D13 /* CCDateButton */ = {
			isa = PBXGroup;
			children = (
				3DF7FCC81E5DE26600AA0D13 /* CCDateButton.h */,
				3DF7FCC91E5DE26600AA0D13 /* CCDateButton.m */,
			);
			path = CCDateButton;
			sourceTree = "<group>";
		};
		3DF7FCE21E5DE50700AA0D13 /* CCDatePicker */ = {
			isa = PBXGroup;
			children = (
				3DF7FCE31E5DE50700AA0D13 /* CCDatePicker.h */,
				3DF7FCE41E5DE50700AA0D13 /* CCDatePicker.m */,
			);
			path = CCDatePicker;
			sourceTree = "<group>";
		};
		3DF7FCF51E5DE9AC00AA0D13 /* RemarkTableView */ = {
			isa = PBXGroup;
			children = (
				3DF7FCF61E5DE9AC00AA0D13 /* Controller */,
				3DF7FCF71E5DE9AC00AA0D13 /* Model */,
				3DF7FCF81E5DE9AC00AA0D13 /* View */,
			);
			path = RemarkTableView;
			sourceTree = "<group>";
		};
		3DF7FCF61E5DE9AC00AA0D13 /* Controller */ = {
			isa = PBXGroup;
			children = (
				3DF7FCF91E5DE9C500AA0D13 /* CCRemarkViewController.h */,
				3DF7FCFA1E5DE9C500AA0D13 /* CCRemarkViewController.m */,
				3DF7FCFC1E5E7D0000AA0D13 /* CCRemarkNavigationController.h */,
				3DF7FCFD1E5E7D0000AA0D13 /* CCRemarkNavigationController.m */,
				3DF7FD0A1E5F1A0300AA0D13 /* CCAddRemarkViewController.h */,
				3DF7FD0B1E5F1A0300AA0D13 /* CCAddRemarkViewController.m */,
				3DF7FD0D1E5F1F9E00AA0D13 /* CCAddRemarkViewController.xib */,
			);
			path = Controller;
			sourceTree = "<group>";
		};
		3DF7FCF71E5DE9AC00AA0D13 /* Model */ = {
			isa = PBXGroup;
			children = (
				3DF7FD071E5EDF8300AA0D13 /* CCRemarkItem.h */,
				3DF7FD081E5EDF8300AA0D13 /* CCRemarkItem.m */,
			);
			path = Model;
			sourceTree = "<group>";
		};
		3DF7FCF81E5DE9AC00AA0D13 /* View */ = {
			isa = PBXGroup;
			children = (
				3DF7FD021E5ECD2F00AA0D13 /* CCRemarkTableViewCell.h */,
				3DF7FD031E5ECD2F00AA0D13 /* CCRemarkTableViewCell.m */,
				3DF7FD041E5ECD2F00AA0D13 /* CCRemarkTableViewCell.xib */,
				3DF7FD0F1E5F395500AA0D13 /* CCTagButton.h */,
				3DF7FD101E5F395500AA0D13 /* CCTagButton.m */,
				3DF7FD121E5FF41600AA0D13 /* CCRemarkTitleCloseButton.h */,
				3DF7FD131E5FF41600AA0D13 /* CCRemarkTitleCloseButton.m */,
			);
			path = View;
			sourceTree = "<group>";
		};
		3DF7FD1B1E6078CF00AA0D13 /* CCTimeLineCoverView */ = {
			isa = PBXGroup;
			children = (
				3DF7FD1C1E6078CF00AA0D13 /* CCCoverView.h */,
				3DF7FD1D1E6078CF00AA0D13 /* CCCoverView.m */,
				3DF7FD1F1E607F3200AA0D13 /* CCNewCardTagContainerView.h */,
				3DF7FD201E607F3200AA0D13 /* CCNewCardTagContainerView.m */,
				3DF7FD221E6081A000AA0D13 /* CCNewCardTagButton.h */,
				3DF7FD231E6081A000AA0D13 /* CCNewCardTagButton.m */,
			);
			path = CCTimeLineCoverView;
			sourceTree = "<group>";
		};
/* End PBXGroup section */

/* Begin PBXNativeTarget section */
		3D6C99F61E3C917000C2BABE /* TimelineApp */ = {
			isa = PBXNativeTarget;
			buildConfigurationList = 3D6C9A0E1E3C917000C2BABE /* Build configuration list for PBXNativeTarget "TimelineApp" */;
			buildPhases = (
				3D6C99F31E3C917000C2BABE /* Sources */,
				3D6C99F41E3C917000C2BABE /* Frameworks */,
				3D6C99F51E3C917000C2BABE /* Resources */,
			);
			buildRules = (
			);
			dependencies = (
			);
			name = TimelineApp;
			productName = TimelineApp;
			productReference = 3D6C99F71E3C917000C2BABE /* TimelineApp.app */;
			productType = "com.apple.product-type.application";
		};
/* End PBXNativeTarget section */

/* Begin PBXProject section */
		3D6C99EF1E3C917000C2BABE /* Project object */ = {
			isa = PBXProject;
			attributes = {
				LastUpgradeCheck = 0820;
				ORGANIZATIONNAME = demoncraz;
				TargetAttributes = {
					3D6C99F61E3C917000C2BABE = {
						CreatedOnToolsVersion = 8.2.1;
						DevelopmentTeam = BGYSV5996R;
						ProvisioningStyle = Automatic;
					};
				};
			};
			buildConfigurationList = 3D6C99F21E3C917000C2BABE /* Build configuration list for PBXProject "TimelineApp" */;
			compatibilityVersion = "Xcode 3.2";
			developmentRegion = English;
			hasScannedForEncodings = 0;
			knownRegions = (
				en,
				Base,
			);
			mainGroup = 3D6C99EE1E3C917000C2BABE;
			productRefGroup = 3D6C99F81E3C917000C2BABE /* Products */;
			projectDirPath = "";
			projectRoot = "";
			targets = (
				3D6C99F61E3C917000C2BABE /* TimelineApp */,
			);
		};
/* End PBXProject section */

/* Begin PBXResourcesBuildPhase section */
		3D6C99F51E3C917000C2BABE /* Resources */ = {
			isa = PBXResourcesBuildPhase;
			buildActionMask = 2147483647;
			files = (
				3DF7FC2B1E54521200AA0D13 /* CCProfileViewContoller.storyboard in Resources */,
				3D6C9A071E3C917000C2BABE /* Assets.xcassets in Resources */,
				3DF7FCF01E5DE60D00AA0D13 /* CCCardDetailView.xib in Resources */,
				3DF7FC7E1E5A976F00AA0D13 /* CCAddNotesView.xib in Resources */,
				3D6C9A2B1E3C91DC00C2BABE /* TimeLineViewController.xib in Resources */,
				3DF7FD061E5ECD2F00AA0D13 /* CCRemarkTableViewCell.xib in Resources */,
				3D6C9B2B1E45FF9900C2BABE /* Info.plist in Resources */,
				3D4BF1F01E53E205007B0F59 /* CCCalenderItemView.xib in Resources */,
				3D6C9A8A1E437A0B00C2BABE /* TaskCardItems.plist in Resources */,
				3DF7FD2F1E641BAE00AA0D13 /* CCCardRecoverView.xib in Resources */,
				3DF7FC301E54578500AA0D13 /* CCEditingViewController.storyboard in Resources */,
				3DF7FC391E54C19D00AA0D13 /* LaunchScreen.storyboard in Resources */,
				3D4BF1F21E53E205007B0F59 /* CCCalerderPickerView.xib in Resources */,
				3D6C9A271E3C91DC00C2BABE /* Main.storyboard in Resources */,
				3D6C9B541E46000A00C2BABE /* Info.plist in Resources */,
				3D07945F1E4B5C16000D7DC2 /* alert_sound.m4a in Resources */,
				3DF7FD0E1E5F1F9E00AA0D13 /* CCAddRemarkViewController.xib in Resources */,
				3D4BF1F41E53E205007B0F59 /* up_arror.png in Resources */,
			);
			runOnlyForDeploymentPostprocessing = 0;
		};
/* End PBXResourcesBuildPhase section */

/* Begin PBXSourcesBuildPhase section */
		3D6C99F31E3C917000C2BABE /* Sources */ = {
			isa = PBXSourcesBuildPhase;
			buildActionMask = 2147483647;
			files = (
				3DF7FD2A1E64190E00AA0D13 /* CCCardDetailDoneButton.m in Sources */,
				3D4BF1EC1E53E205007B0F59 /* NSDate+Date.m in Sources */,
				3DF7FCFE1E5E7D0000AA0D13 /* CCRemarkNavigationController.m in Sources */,
				3DF7FD241E6081A000AA0D13 /* CCNewCardTagButton.m in Sources */,
				3D6C9B3B1E45FFB300C2BABE /* AppDelegate.m in Sources */,
				3DF7FD011E5EB02400AA0D13 /* UIBarButtonItem+BarButtonItem.m in Sources */,
				3DF7FC721E59EC1200AA0D13 /* CCNotesFullScreenButton.m in Sources */,
				3D6C9B5A1E46000A00C2BABE /* NSObject+MJClass.m in Sources */,
				3DF7FC5F1E57FCB700AA0D13 /* UIView+Frame.m in Sources */,
				3DF7FCDB1E5DE2D100AA0D13 /* CCContentTableView.m in Sources */,
				3DF7FD211E607F3200AA0D13 /* CCNewCardTagContainerView.m in Sources */,
				3D4BF1EE1E53E205007B0F59 /* CCCalenderDateView.m in Sources */,
				3D6C9A881E4374BE00C2BABE /* CCTaskCardItem.m in Sources */,
				3DF7FC2E1E54576E00AA0D13 /* CCEditingViewController.m in Sources */,
				3D6C9B321E45FF9900C2BABE /* NSArray+MASAdditions.m in Sources */,
				3DF7FD051E5ECD2F00AA0D13 /* CCRemarkTableViewCell.m in Sources */,
				3D4BF1F11E53E205007B0F59 /* CCCalerderPickerView.m in Sources */,
				3DF7FC221E544E9C00AA0D13 /* CCProfileViewContoller.m in Sources */,
				3DF7FC691E5813C500AA0D13 /* CCNotesTitleView.m in Sources */,
				3DF7FC181E54334800AA0D13 /* CCMeViewController.m in Sources */,
				3DF7FD141E5FF41600AA0D13 /* CCRemarkTitleCloseButton.m in Sources */,
				3D6C9B581E46000A00C2BABE /* MJPropertyKey.m in Sources */,
				3D6C9B591E46000A00C2BABE /* MJPropertyType.m in Sources */,
				3D6C9B331E45FF9900C2BABE /* NSLayoutConstraint+MASDebugAdditions.m in Sources */,
				3DF7FCE51E5DE50700AA0D13 /* CCDatePicker.m in Sources */,
				3D6C9B361E45FF9900C2BABE /* UIView+FindViewThatIsFirstResponder.m in Sources */,
				3D6C9B5C1E46000A00C2BABE /* NSObject+MJKeyValue.m in Sources */,
				3DF7FCEB1E5DE5AA00AA0D13 /* CCCardDetailCoverView.m in Sources */,
				3D6C9B301E45FF9900C2BABE /* MASViewAttribute.m in Sources */,
				3D4BF1F31E53E205007B0F59 /* CCDotItem.m in Sources */,
				3D6C9B2F1E45FF9900C2BABE /* MASLayoutConstraint.m in Sources */,
				3DF7FD111E5F395500AA0D13 /* CCTagButton.m in Sources */,
				3DF7FC811E5AC6EF00AA0D13 /* CCNotesItem.m in Sources */,
				3D6C9B3C1E45FFB300C2BABE /* main.m in Sources */,
				3D6C9B5D1E46000A00C2BABE /* NSObject+MJProperty.m in Sources */,
				3DF7FC331E54607C00AA0D13 /* CCNavigationController.m in Sources */,
				3DF7FC661E58139C00AA0D13 /* CCNotesViewController.m in Sources */,
				3DF7FD271E63CA7200AA0D13 /* CCCardContentView.m in Sources */,
				3D6C9B5B1E46000A00C2BABE /* NSObject+MJCoding.m in Sources */,
				3D6C9B2C1E45FF9900C2BABE /* MASCompositeConstraint.m in Sources */,
				3DF7FCEF1E5DE60D00AA0D13 /* CCCardDetailView.m in Sources */,
				3DF7FC361E548AED00AA0D13 /* CCImageView.m in Sources */,
				3DF7FD0C1E5F1A0300AA0D13 /* CCAddRemarkViewController.m in Sources */,
				3D6C9A2A1E3C91DC00C2BABE /* TimeLineViewController.m in Sources */,
				3DF7FD1A1E601D5600AA0D13 /* CCRemarkContainerView.m in Sources */,
				3D4BF1EF1E53E205007B0F59 /* CCCalenderItemView.m in Sources */,
				3D4BF1ED1E53E205007B0F59 /* CCDateTool.m in Sources */,
				3DF7FD2D1E641B9D00AA0D13 /* CCCardRecoverView.m in Sources */,
				3D6C9B311E45FF9900C2BABE /* MASViewConstraint.m in Sources */,
				3D6C9B551E46000A00C2BABE /* MJExtensionConst.m in Sources */,
				3DF7FCFB1E5DE9C500AA0D13 /* CCRemarkViewController.m in Sources */,
				3DF7FCD81E5DE26600AA0D13 /* CCTaskCardTabldViewCell.m in Sources */,
				3D6C9B5E1E46000A00C2BABE /* NSString+MJExtension.m in Sources */,
				3DF7FD091E5EDF8300AA0D13 /* CCRemarkItem.m in Sources */,
				3DF7FCD71E5DE26600AA0D13 /* CCDateButton.m in Sources */,
				3DF7FC7C1E5A975C00AA0D13 /* CCAddNotesView.m in Sources */,
				3D6C9B571E46000A00C2BABE /* MJProperty.m in Sources */,
				3D6C9B2A1E45FF9900C2BABE /* GetCurrentTime.m in Sources */,
				3D6C9B351E45FF9900C2BABE /* ViewController+MASAdditions.m in Sources */,
				3D6C9B2E1E45FF9900C2BABE /* MASConstraintMaker.m in Sources */,
				3DF7FD1E1E6078CF00AA0D13 /* CCCoverView.m in Sources */,
				3D6C9B2D1E45FF9900C2BABE /* MASConstraint.m in Sources */,
				3DF7FC791E5A8DF300AA0D13 /* CCCommonCoverView.m in Sources */,
				3D07945A1E4B1449000D7DC2 /* NSObject+LocalNotification.m in Sources */,
				3D6C9B561E46000A00C2BABE /* MJFoundation.m in Sources */,
				3D6C9B341E45FF9900C2BABE /* View+MASAdditions.m in Sources */,
			);
			runOnlyForDeploymentPostprocessing = 0;
		};
/* End PBXSourcesBuildPhase section */

/* Begin PBXVariantGroup section */
		3D6C9A121E3C91DC00C2BABE /* Main.storyboard */ = {
			isa = PBXVariantGroup;
			children = (
				3D6C9A131E3C91DC00C2BABE /* Base */,
			);
			name = Main.storyboard;
			sourceTree = "<group>";
		};
		3DF7FC371E54C19D00AA0D13 /* LaunchScreen.storyboard */ = {
			isa = PBXVariantGroup;
			children = (
				3DF7FC381E54C19D00AA0D13 /* Base */,
			);
			name = LaunchScreen.storyboard;
			sourceTree = "<group>";
		};
/* End PBXVariantGroup section */

/* Begin XCBuildConfiguration section */
		3D6C9A0C1E3C917000C2BABE /* Debug */ = {
			isa = XCBuildConfiguration;
			buildSettings = {
				ALWAYS_SEARCH_USER_PATHS = NO;
				CLANG_ANALYZER_NONNULL = YES;
				CLANG_CXX_LANGUAGE_STANDARD = "gnu++0x";
				CLANG_CXX_LIBRARY = "libc++";
				CLANG_ENABLE_MODULES = YES;
				CLANG_ENABLE_OBJC_ARC = YES;
				CLANG_WARN_BOOL_CONVERSION = YES;
				CLANG_WARN_CONSTANT_CONVERSION = YES;
				CLANG_WARN_DIRECT_OBJC_ISA_USAGE = YES_ERROR;
				CLANG_WARN_DOCUMENTATION_COMMENTS = YES;
				CLANG_WARN_EMPTY_BODY = YES;
				CLANG_WARN_ENUM_CONVERSION = YES;
				CLANG_WARN_INFINITE_RECURSION = YES;
				CLANG_WARN_INT_CONVERSION = YES;
				CLANG_WARN_OBJC_ROOT_CLASS = YES_ERROR;
				CLANG_WARN_SUSPICIOUS_MOVE = YES;
				CLANG_WARN_UNREACHABLE_CODE = YES;
				CLANG_WARN__DUPLICATE_METHOD_MATCH = YES;
				"CODE_SIGN_IDENTITY[sdk=iphoneos*]" = "iPhone Developer";
				COPY_PHASE_STRIP = NO;
				DEBUG_INFORMATION_FORMAT = dwarf;
				ENABLE_STRICT_OBJC_MSGSEND = YES;
				ENABLE_TESTABILITY = YES;
				GCC_C_LANGUAGE_STANDARD = gnu99;
				GCC_DYNAMIC_NO_PIC = NO;
				GCC_NO_COMMON_BLOCKS = YES;
				GCC_OPTIMIZATION_LEVEL = 0;
				GCC_PREPROCESSOR_DEFINITIONS = (
					"DEBUG=1",
					"$(inherited)",
				);
				GCC_WARN_64_TO_32_BIT_CONVERSION = YES;
				GCC_WARN_ABOUT_RETURN_TYPE = YES_ERROR;
				GCC_WARN_UNDECLARED_SELECTOR = YES;
				GCC_WARN_UNINITIALIZED_AUTOS = YES_AGGRESSIVE;
				GCC_WARN_UNUSED_FUNCTION = YES;
				GCC_WARN_UNUSED_VARIABLE = YES;
				IPHONEOS_DEPLOYMENT_TARGET = 9.0;
				MTL_ENABLE_DEBUG_INFO = YES;
				ONLY_ACTIVE_ARCH = YES;
				SDKROOT = iphoneos;
			};
			name = Debug;
		};
		3D6C9A0D1E3C917000C2BABE /* Release */ = {
			isa = XCBuildConfiguration;
			buildSettings = {
				ALWAYS_SEARCH_USER_PATHS = NO;
				CLANG_ANALYZER_NONNULL = YES;
				CLANG_CXX_LANGUAGE_STANDARD = "gnu++0x";
				CLANG_CXX_LIBRARY = "libc++";
				CLANG_ENABLE_MODULES = YES;
				CLANG_ENABLE_OBJC_ARC = YES;
				CLANG_WARN_BOOL_CONVERSION = YES;
				CLANG_WARN_CONSTANT_CONVERSION = YES;
				CLANG_WARN_DIRECT_OBJC_ISA_USAGE = YES_ERROR;
				CLANG_WARN_DOCUMENTATION_COMMENTS = YES;
				CLANG_WARN_EMPTY_BODY = YES;
				CLANG_WARN_ENUM_CONVERSION = YES;
				CLANG_WARN_INFINITE_RECURSION = YES;
				CLANG_WARN_INT_CONVERSION = YES;
				CLANG_WARN_OBJC_ROOT_CLASS = YES_ERROR;
				CLANG_WARN_SUSPICIOUS_MOVE = YES;
				CLANG_WARN_UNREACHABLE_CODE = YES;
				CLANG_WARN__DUPLICATE_METHOD_MATCH = YES;
				"CODE_SIGN_IDENTITY[sdk=iphoneos*]" = "iPhone Developer";
				COPY_PHASE_STRIP = NO;
				DEBUG_INFORMATION_FORMAT = "dwarf-with-dsym";
				ENABLE_NS_ASSERTIONS = NO;
				ENABLE_STRICT_OBJC_MSGSEND = YES;
				GCC_C_LANGUAGE_STANDARD = gnu99;
				GCC_NO_COMMON_BLOCKS = YES;
				GCC_WARN_64_TO_32_BIT_CONVERSION = YES;
				GCC_WARN_ABOUT_RETURN_TYPE = YES_ERROR;
				GCC_WARN_UNDECLARED_SELECTOR = YES;
				GCC_WARN_UNINITIALIZED_AUTOS = YES_AGGRESSIVE;
				GCC_WARN_UNUSED_FUNCTION = YES;
				GCC_WARN_UNUSED_VARIABLE = YES;
				IPHONEOS_DEPLOYMENT_TARGET = 9.0;
				MTL_ENABLE_DEBUG_INFO = NO;
				SDKROOT = iphoneos;
				VALIDATE_PRODUCT = YES;
			};
			name = Release;
		};
		3D6C9A0F1E3C917000C2BABE /* Debug */ = {
			isa = XCBuildConfiguration;
			buildSettings = {
				ASSETCATALOG_COMPILER_APPICON_NAME = AppIcon;
				DEVELOPMENT_TEAM = BGYSV5996R;
				FRAMEWORK_SEARCH_PATHS = (
					"$(inherited)",
					"$(PROJECT_DIR)/TimelineApp",
				);
				GCC_PRECOMPILE_PREFIX_HEADER = YES;
				GCC_PREFIX_HEADER = "$(SRCROOT)/TimelineApp/CCGlobalMacro.pch";
				INFOPLIST_FILE = TimelineApp/Info.plist;
				LD_RUNPATH_SEARCH_PATHS = "$(inherited) @executable_path/Frameworks";
				"OTHER_LDFLAGS[sdk=iphonesimulator*]" = "-ObjC";
				PRODUCT_BUNDLE_IDENTIFIER = com.TimelineApp;
				PRODUCT_NAME = "$(TARGET_NAME)";
			};
			name = Debug;
		};
		3D6C9A101E3C917000C2BABE /* Release */ = {
			isa = XCBuildConfiguration;
			buildSettings = {
				ASSETCATALOG_COMPILER_APPICON_NAME = AppIcon;
				DEVELOPMENT_TEAM = BGYSV5996R;
				FRAMEWORK_SEARCH_PATHS = (
					"$(inherited)",
					"$(PROJECT_DIR)/TimelineApp",
				);
				GCC_PRECOMPILE_PREFIX_HEADER = YES;
				GCC_PREFIX_HEADER = "$(SRCROOT)/TimelineApp/CCGlobalMacro.pch";
				INFOPLIST_FILE = TimelineApp/Info.plist;
				LD_RUNPATH_SEARCH_PATHS = "$(inherited) @executable_path/Frameworks";
				PRODUCT_BUNDLE_IDENTIFIER = com.TimelineApp;
				PRODUCT_NAME = "$(TARGET_NAME)";
			};
			name = Release;
		};
/* End XCBuildConfiguration section */

/* Begin XCConfigurationList section */
		3D6C99F21E3C917000C2BABE /* Build configuration list for PBXProject "TimelineApp" */ = {
			isa = XCConfigurationList;
			buildConfigurations = (
				3D6C9A0C1E3C917000C2BABE /* Debug */,
				3D6C9A0D1E3C917000C2BABE /* Release */,
			);
			defaultConfigurationIsVisible = 0;
			defaultConfigurationName = Release;
		};
		3D6C9A0E1E3C917000C2BABE /* Build configuration list for PBXNativeTarget "TimelineApp" */ = {
			isa = XCConfigurationList;
			buildConfigurations = (
				3D6C9A0F1E3C917000C2BABE /* Debug */,
				3D6C9A101E3C917000C2BABE /* Release */,
			);
			defaultConfigurationIsVisible = 0;
			defaultConfigurationName = Release;
		};
/* End XCConfigurationList section */
	};
	rootObject = 3D6C99EF1E3C917000C2BABE /* Project object */;
}
